// !$*UTF8*$!
{
	archiveVersion = 1;
	classes = {
	};
	objectVersion = 56;
	objects = {

/* Begin PBXBuildFile section */
		148AE3022ABEEA9A006E5411 /* CoreDataService.h in Headers */ = {isa = PBXBuildFile; fileRef = 148AE2FF2ABEEA9A006E5411 /* CoreDataService.h */; settings = {ATTRIBUTES = (Public, ); }; };
		148AE3192ABEEAFE006E5411 /* CoreDataService.swift in Sources */ = {isa = PBXBuildFile; fileRef = 148AE30E2ABEEAFE006E5411 /* CoreDataService.swift */; };
		148AE31A2ABEEAFE006E5411 /* CountryManaged+CoreDataClass.swift in Sources */ = {isa = PBXBuildFile; fileRef = 148AE3102ABEEAFE006E5411 /* CountryManaged+CoreDataClass.swift */; };
		148AE31B2ABEEAFE006E5411 /* CityManaged+CoreDataClass.swift in Sources */ = {isa = PBXBuildFile; fileRef = 148AE3112ABEEAFE006E5411 /* CityManaged+CoreDataClass.swift */; };
		148AE31C2ABEEAFE006E5411 /* CityManaged+CoreDataProperties.swift in Sources */ = {isa = PBXBuildFile; fileRef = 148AE3122ABEEAFE006E5411 /* CityManaged+CoreDataProperties.swift */; };
		148AE31D2ABEEAFE006E5411 /* AirportManaged+CoreDataProperties.swift in Sources */ = {isa = PBXBuildFile; fileRef = 148AE3132ABEEAFE006E5411 /* AirportManaged+CoreDataProperties.swift */; };
		148AE31E2ABEEAFE006E5411 /* CoreDataService.xcdatamodeld in Sources */ = {isa = PBXBuildFile; fileRef = 148AE3142ABEEAFE006E5411 /* CoreDataService.xcdatamodeld */; };
		148AE31F2ABEEAFE006E5411 /* CountryManaged+CoreDataProperties.swift in Sources */ = {isa = PBXBuildFile; fileRef = 148AE3162ABEEAFE006E5411 /* CountryManaged+CoreDataProperties.swift */; };
		148AE3202ABEEAFE006E5411 /* AirportManaged+CoreDataClass.swift in Sources */ = {isa = PBXBuildFile; fileRef = 148AE3172ABEEAFE006E5411 /* AirportManaged+CoreDataClass.swift */; };
		148AE3212ABEEAFE006E5411 /* NSManagedObject+StoredObjectProtocol.swift in Sources */ = {isa = PBXBuildFile; fileRef = 148AE3182ABEEAFE006E5411 /* NSManagedObject+StoredObjectProtocol.swift */; };
		148AE3242ABEEB2A006E5411 /* DatabaseAbstraction.framework in Frameworks */ = {isa = PBXBuildFile; fileRef = 148AE3232ABEEB2A006E5411 /* DatabaseAbstraction.framework */; };
		148AE3252ABEEB2A006E5411 /* DatabaseAbstraction.framework in Embed Frameworks */ = {isa = PBXBuildFile; fileRef = 148AE3232ABEEB2A006E5411 /* DatabaseAbstraction.framework */; settings = {ATTRIBUTES = (CodeSignOnCopy, RemoveHeadersOnCopy, ); }; };
/* End PBXBuildFile section */

/* Begin PBXCopyFilesBuildPhase section */
		148AE3262ABEEB2A006E5411 /* Embed Frameworks */ = {
			isa = PBXCopyFilesBuildPhase;
			buildActionMask = 2147483647;
			dstPath = "";
			dstSubfolderSpec = 10;
			files = (
				148AE3252ABEEB2A006E5411 /* DatabaseAbstraction.framework in Embed Frameworks */,
			);
			name = "Embed Frameworks";
			runOnlyForDeploymentPostprocessing = 0;
		};
/* End PBXCopyFilesBuildPhase section */

/* Begin PBXFileReference section */
		148AE2FC2ABEEA9A006E5411 /* CoreDataService.framework */ = {isa = PBXFileReference; explicitFileType = wrapper.framework; includeInIndex = 0; path = CoreDataService.framework; sourceTree = BUILT_PRODUCTS_DIR; };
		148AE2FF2ABEEA9A006E5411 /* CoreDataService.h */ = {isa = PBXFileReference; lastKnownFileType = sourcecode.c.h; path = CoreDataService.h; sourceTree = "<group>"; };
		148AE30E2ABEEAFE006E5411 /* CoreDataService.swift */ = {isa = PBXFileReference; fileEncoding = 4; lastKnownFileType = sourcecode.swift; path = CoreDataService.swift; sourceTree = "<group>"; };
		148AE3102ABEEAFE006E5411 /* CountryManaged+CoreDataClass.swift */ = {isa = PBXFileReference; fileEncoding = 4; lastKnownFileType = sourcecode.swift; path = "CountryManaged+CoreDataClass.swift"; sourceTree = "<group>"; };
		148AE3112ABEEAFE006E5411 /* CityManaged+CoreDataClass.swift */ = {isa = PBXFileReference; fileEncoding = 4; lastKnownFileType = sourcecode.swift; path = "CityManaged+CoreDataClass.swift"; sourceTree = "<group>"; };
		148AE3122ABEEAFE006E5411 /* CityManaged+CoreDataProperties.swift */ = {isa = PBXFileReference; fileEncoding = 4; lastKnownFileType = sourcecode.swift; path = "CityManaged+CoreDataProperties.swift"; sourceTree = "<group>"; };
		148AE3132ABEEAFE006E5411 /* AirportManaged+CoreDataProperties.swift */ = {isa = PBXFileReference; fileEncoding = 4; lastKnownFileType = sourcecode.swift; path = "AirportManaged+CoreDataProperties.swift"; sourceTree = "<group>"; };
		148AE3152ABEEAFE006E5411 /* CoreDataService.xcdatamodel */ = {isa = PBXFileReference; lastKnownFileType = wrapper.xcdatamodel; path = CoreDataService.xcdatamodel; sourceTree = "<group>"; };
		148AE3162ABEEAFE006E5411 /* CountryManaged+CoreDataProperties.swift */ = {isa = PBXFileReference; fileEncoding = 4; lastKnownFileType = sourcecode.swift; path = "CountryManaged+CoreDataProperties.swift"; sourceTree = "<group>"; };
		148AE3172ABEEAFE006E5411 /* AirportManaged+CoreDataClass.swift */ = {isa = PBXFileReference; fileEncoding = 4; lastKnownFileType = sourcecode.swift; path = "AirportManaged+CoreDataClass.swift"; sourceTree = "<group>"; };
		148AE3182ABEEAFE006E5411 /* NSManagedObject+StoredObjectProtocol.swift */ = {isa = PBXFileReference; fileEncoding = 4; lastKnownFileType = sourcecode.swift; path = "NSManagedObject+StoredObjectProtocol.swift"; sourceTree = "<group>"; };
		148AE3232ABEEB2A006E5411 /* DatabaseAbstraction.framework */ = {isa = PBXFileReference; explicitFileType = wrapper.framework; path = DatabaseAbstraction.framework; sourceTree = BUILT_PRODUCTS_DIR; };
/* End PBXFileReference section */

/* Begin PBXFrameworksBuildPhase section */
		148AE2F92ABEEA9A006E5411 /* Frameworks */ = {
			isa = PBXFrameworksBuildPhase;
			buildActionMask = 2147483647;
			files = (
				148AE3242ABEEB2A006E5411 /* DatabaseAbstraction.framework in Frameworks */,
			);
			runOnlyForDeploymentPostprocessing = 0;
		};
/* End PBXFrameworksBuildPhase section */

/* Begin PBXGroup section */
		148AE2F22ABEEA9A006E5411 = {
			isa = PBXGroup;
			children = (
				148AE2FE2ABEEA9A006E5411 /* CoreDataService */,
				148AE2FD2ABEEA9A006E5411 /* Products */,
				148AE3222ABEEB2A006E5411 /* Frameworks */,
			);
			sourceTree = "<group>";
		};
		148AE2FD2ABEEA9A006E5411 /* Products */ = {
			isa = PBXGroup;
			children = (
				148AE2FC2ABEEA9A006E5411 /* CoreDataService.framework */,
			);
			name = Products;
			sourceTree = "<group>";
		};
		148AE2FE2ABEEA9A006E5411 /* CoreDataService */ = {
			isa = PBXGroup;
			children = (
				148AE2FF2ABEEA9A006E5411 /* CoreDataService.h */,
				148AE3142ABEEAFE006E5411 /* CoreDataService.xcdatamodeld */,
				148AE30F2ABEEAFE006E5411 /* Models */,
				148AE30E2ABEEAFE006E5411 /* CoreDataService.swift */,
				148AE3182ABEEAFE006E5411 /* NSManagedObject+StoredObjectProtocol.swift */,
			);
			path = CoreDataService;
			sourceTree = "<group>";
		};
		148AE30F2ABEEAFE006E5411 /* Models */ = {
			isa = PBXGroup;
			children = (
				148AE3102ABEEAFE006E5411 /* CountryManaged+CoreDataClass.swift */,
				148AE3112ABEEAFE006E5411 /* CityManaged+CoreDataClass.swift */,
				148AE3122ABEEAFE006E5411 /* CityManaged+CoreDataProperties.swift */,
				148AE3132ABEEAFE006E5411 /* AirportManaged+CoreDataProperties.swift */,
				148AE3162ABEEAFE006E5411 /* CountryManaged+CoreDataProperties.swift */,
				148AE3172ABEEAFE006E5411 /* AirportManaged+CoreDataClass.swift */,
			);
			path = Models;
			sourceTree = "<group>";
		};
		148AE3222ABEEB2A006E5411 /* Frameworks */ = {
			isa = PBXGroup;
			children = (
				148AE3232ABEEB2A006E5411 /* DatabaseAbstraction.framework */,
			);
			name = Frameworks;
			sourceTree = "<group>";
		};
/* End PBXGroup section */

/* Begin PBXHeadersBuildPhase section */
		148AE2F72ABEEA9A006E5411 /* Headers */ = {
			isa = PBXHeadersBuildPhase;
			buildActionMask = 2147483647;
			files = (
				148AE3022ABEEA9A006E5411 /* CoreDataService.h in Headers */,
			);
			runOnlyForDeploymentPostprocessing = 0;
		};
/* End PBXHeadersBuildPhase section */

/* Begin PBXNativeTarget section */
		148AE2FB2ABEEA9A006E5411 /* CoreDataService */ = {
			isa = PBXNativeTarget;
			buildConfigurationList = 148AE3052ABEEA9A006E5411 /* Build configuration list for PBXNativeTarget "CoreDataService" */;
			buildPhases = (
				148AE2F72ABEEA9A006E5411 /* Headers */,
				148AE2F82ABEEA9A006E5411 /* Sources */,
				148AE2F92ABEEA9A006E5411 /* Frameworks */,
				148AE2FA2ABEEA9A006E5411 /* Resources */,
				148AE3262ABEEB2A006E5411 /* Embed Frameworks */,
			);
			buildRules = (
			);
			dependencies = (
			);
			name = CoreDataService;
			productName = CoreDataService;
			productReference = 148AE2FC2ABEEA9A006E5411 /* CoreDataService.framework */;
			productType = "com.apple.product-type.framework";
		};
/* End PBXNativeTarget section */

/* Begin PBXProject section */
		148AE2F32ABEEA9A006E5411 /* Project object */ = {
			isa = PBXProject;
			attributes = {
				BuildIndependentTargetsInParallel = 1;
				LastUpgradeCheck = 1500;
				TargetAttributes = {
					148AE2FB2ABEEA9A006E5411 = {
						CreatedOnToolsVersion = 15.0;
						LastSwiftMigration = 1500;
					};
				};
			};
			buildConfigurationList = 148AE2F62ABEEA9A006E5411 /* Build configuration list for PBXProject "CoreDataService" */;
			compatibilityVersion = "Xcode 14.0";
			developmentRegion = en;
			hasScannedForEncodings = 0;
			knownRegions = (
				en,
				Base,
			);
			mainGroup = 148AE2F22ABEEA9A006E5411;
			productRefGroup = 148AE2FD2ABEEA9A006E5411 /* Products */;
			projectDirPath = "";
			projectRoot = "";
			targets = (
				148AE2FB2ABEEA9A006E5411 /* CoreDataService */,
			);
		};
/* End PBXProject section */

/* Begin PBXResourcesBuildPhase section */
		148AE2FA2ABEEA9A006E5411 /* Resources */ = {
			isa = PBXResourcesBuildPhase;
			buildActionMask = 2147483647;
			files = (
			);
			runOnlyForDeploymentPostprocessing = 0;
		};
/* End PBXResourcesBuildPhase section */

/* Begin PBXSourcesBuildPhase section */
		148AE2F82ABEEA9A006E5411 /* Sources */ = {
			isa = PBXSourcesBuildPhase;
			buildActionMask = 2147483647;
			files = (
				148AE31E2ABEEAFE006E5411 /* CoreDataService.xcdatamodeld in Sources */,
				148AE31F2ABEEAFE006E5411 /* CountryManaged+CoreDataProperties.swift in Sources */,
				148AE31C2ABEEAFE006E5411 /* CityManaged+CoreDataProperties.swift in Sources */,
				148AE3202ABEEAFE006E5411 /* AirportManaged+CoreDataClass.swift in Sources */,
				148AE31B2ABEEAFE006E5411 /* CityManaged+CoreDataClass.swift in Sources */,
				148AE31A2ABEEAFE006E5411 /* CountryManaged+CoreDataClass.swift in Sources */,
				148AE31D2ABEEAFE006E5411 /* AirportManaged+CoreDataProperties.swift in Sources */,
				148AE3192ABEEAFE006E5411 /* CoreDataService.swift in Sources */,
				148AE3212ABEEAFE006E5411 /* NSManagedObject+StoredObjectProtocol.swift in Sources */,
			);
			runOnlyForDeploymentPostprocessing = 0;
		};
/* End PBXSourcesBuildPhase section */

/* Begin XCBuildConfiguration section */
		148AE3032ABEEA9A006E5411 /* Debug */ = {
			isa = XCBuildConfiguration;
			buildSettings = {
				ALWAYS_SEARCH_USER_PATHS = NO;
				ASSETCATALOG_COMPILER_GENERATE_SWIFT_ASSET_SYMBOL_EXTENSIONS = YES;
				CLANG_ANALYZER_NONNULL = YES;
				CLANG_ANALYZER_NUMBER_OBJECT_CONVERSION = YES_AGGRESSIVE;
				CLANG_CXX_LANGUAGE_STANDARD = "gnu++20";
				CLANG_ENABLE_MODULES = YES;
				CLANG_ENABLE_OBJC_ARC = YES;
				CLANG_ENABLE_OBJC_WEAK = YES;
				CLANG_WARN_BLOCK_CAPTURE_AUTORELEASING = YES;
				CLANG_WARN_BOOL_CONVERSION = YES;
				CLANG_WARN_COMMA = YES;
				CLANG_WARN_CONSTANT_CONVERSION = YES;
				CLANG_WARN_DEPRECATED_OBJC_IMPLEMENTATIONS = YES;
				CLANG_WARN_DIRECT_OBJC_ISA_USAGE = YES_ERROR;
				CLANG_WARN_DOCUMENTATION_COMMENTS = YES;
				CLANG_WARN_EMPTY_BODY = YES;
				CLANG_WARN_ENUM_CONVERSION = YES;
				CLANG_WARN_INFINITE_RECURSION = YES;
				CLANG_WARN_INT_CONVERSION = YES;
				CLANG_WARN_NON_LITERAL_NULL_CONVERSION = YES;
				CLANG_WARN_OBJC_IMPLICIT_RETAIN_SELF = YES;
				CLANG_WARN_OBJC_LITERAL_CONVERSION = YES;
				CLANG_WARN_OBJC_ROOT_CLASS = YES_ERROR;
				CLANG_WARN_QUOTED_INCLUDE_IN_FRAMEWORK_HEADER = YES;
				CLANG_WARN_RANGE_LOOP_ANALYSIS = YES;
				CLANG_WARN_STRICT_PROTOTYPES = YES;
				CLANG_WARN_SUSPICIOUS_MOVE = YES;
				CLANG_WARN_UNGUARDED_AVAILABILITY = YES_AGGRESSIVE;
				CLANG_WARN_UNREACHABLE_CODE = YES;
				CLANG_WARN__DUPLICATE_METHOD_MATCH = YES;
				COPY_PHASE_STRIP = NO;
				CURRENT_PROJECT_VERSION = 1;
				DEBUG_INFORMATION_FORMAT = dwarf;
				ENABLE_STRICT_OBJC_MSGSEND = YES;
				ENABLE_TESTABILITY = YES;
				ENABLE_USER_SCRIPT_SANDBOXING = YES;
				GCC_C_LANGUAGE_STANDARD = gnu17;
				GCC_DYNAMIC_NO_PIC = NO;
				GCC_NO_COMMON_BLOCKS = YES;
				GCC_OPTIMIZATION_LEVEL = 0;
				GCC_PREPROCESSOR_DEFINITIONS = (
					"DEBUG=1",
					"$(inherited)",
				);
				GCC_WARN_64_TO_32_BIT_CONVERSION = YES;
				GCC_WARN_ABOUT_RETURN_TYPE = YES_ERROR;
				GCC_WARN_UNDECLARED_SELECTOR = YES;
				GCC_WARN_UNINITIALIZED_AUTOS = YES_AGGRESSIVE;
				GCC_WARN_UNUSED_FUNCTION = YES;
				GCC_WARN_UNUSED_VARIABLE = YES;
				IPHONEOS_DEPLOYMENT_TARGET = 15.0;
				LOCALIZATION_PREFERS_STRING_CATALOGS = YES;
				MTL_ENABLE_DEBUG_INFO = INCLUDE_SOURCE;
				MTL_FAST_MATH = YES;
				ONLY_ACTIVE_ARCH = YES;
				SDKROOT = iphoneos;
				SWIFT_ACTIVE_COMPILATION_CONDITIONS = "DEBUG $(inherited)";
				SWIFT_OPTIMIZATION_LEVEL = "-Onone";
				VERSIONING_SYSTEM = "apple-generic";
				VERSION_INFO_PREFIX = "";
			};
			name = Debug;
		};
		148AE3042ABEEA9A006E5411 /* Release */ = {
			isa = XCBuildConfiguration;
			buildSettings = {
				ALWAYS_SEARCH_USER_PATHS = NO;
				ASSETCATALOG_COMPILER_GENERATE_SWIFT_ASSET_SYMBOL_EXTENSIONS = YES;
				CLANG_ANALYZER_NONNULL = YES;
				CLANG_ANALYZER_NUMBER_OBJECT_CONVERSION = YES_AGGRESSIVE;
				CLANG_CXX_LANGUAGE_STANDARD = "gnu++20";
				CLANG_ENABLE_MODULES = YES;
				CLANG_ENABLE_OBJC_ARC = YES;
				CLANG_ENABLE_OBJC_WEAK = YES;
				CLANG_WARN_BLOCK_CAPTURE_AUTORELEASING = YES;
				CLANG_WARN_BOOL_CONVERSION = YES;
				CLANG_WARN_COMMA = YES;
				CLANG_WARN_CONSTANT_CONVERSION = YES;
				CLANG_WARN_DEPRECATED_OBJC_IMPLEMENTATIONS = YES;
				CLANG_WARN_DIRECT_OBJC_ISA_USAGE = YES_ERROR;
				CLANG_WARN_DOCUMENTATION_COMMENTS = YES;
				CLANG_WARN_EMPTY_BODY = YES;
				CLANG_WARN_ENUM_CONVERSION = YES;
				CLANG_WARN_INFINITE_RECURSION = YES;
				CLANG_WARN_INT_CONVERSION = YES;
				CLANG_WARN_NON_LITERAL_NULL_CONVERSION = YES;
				CLANG_WARN_OBJC_IMPLICIT_RETAIN_SELF = YES;
				CLANG_WARN_OBJC_LITERAL_CONVERSION = YES;
				CLANG_WARN_OBJC_ROOT_CLASS = YES_ERROR;
				CLANG_WARN_QUOTED_INCLUDE_IN_FRAMEWORK_HEADER = YES;
				CLANG_WARN_RANGE_LOOP_ANALYSIS = YES;
				CLANG_WARN_STRICT_PROTOTYPES = YES;
				CLANG_WARN_SUSPICIOUS_MOVE = YES;
				CLANG_WARN_UNGUARDED_AVAILABILITY = YES_AGGRESSIVE;
				CLANG_WARN_UNREACHABLE_CODE = YES;
				CLANG_WARN__DUPLICATE_METHOD_MATCH = YES;
				COPY_PHASE_STRIP = NO;
				CURRENT_PROJECT_VERSION = 1;
				DEBUG_INFORMATION_FORMAT = "dwarf-with-dsym";
				ENABLE_NS_ASSERTIONS = NO;
				ENABLE_STRICT_OBJC_MSGSEND = YES;
				ENABLE_USER_SCRIPT_SANDBOXING = YES;
				GCC_C_LANGUAGE_STANDARD = gnu17;
				GCC_NO_COMMON_BLOCKS = YES;
				GCC_WARN_64_TO_32_BIT_CONVERSION = YES;
				GCC_WARN_ABOUT_RETURN_TYPE = YES_ERROR;
				GCC_WARN_UNDECLARED_SELECTOR = YES;
				GCC_WARN_UNINITIALIZED_AUTOS = YES_AGGRESSIVE;
				GCC_WARN_UNUSED_FUNCTION = YES;
				GCC_WARN_UNUSED_VARIABLE = YES;
				IPHONEOS_DEPLOYMENT_TARGET = 15.0;
				LOCALIZATION_PREFERS_STRING_CATALOGS = YES;
				MTL_ENABLE_DEBUG_INFO = NO;
				MTL_FAST_MATH = YES;
				SDKROOT = iphoneos;
				SWIFT_COMPILATION_MODE = wholemodule;
				VALIDATE_PRODUCT = YES;
				VERSIONING_SYSTEM = "apple-generic";
				VERSION_INFO_PREFIX = "";
			};
			name = Release;
		};
		148AE3062ABEEA9A006E5411 /* Debug */ = {
			isa = XCBuildConfiguration;
			buildSettings = {
				CLANG_ENABLE_MODULES = YES;
				CODE_SIGN_STYLE = Automatic;
				CURRENT_PROJECT_VERSION = 1;
				DEFINES_MODULE = YES;
				DYLIB_COMPATIBILITY_VERSION = 1;
				DYLIB_CURRENT_VERSION = 1;
				DYLIB_INSTALL_NAME_BASE = "@rpath";
				ENABLE_MODULE_VERIFIER = YES;
				GENERATE_INFOPLIST_FILE = YES;
				INFOPLIST_KEY_NSHumanReadableCopyright = "";
				INSTALL_PATH = "$(LOCAL_LIBRARY_DIR)/Frameworks";
				LD_RUNPATH_SEARCH_PATHS = (
					"$(inherited)",
					"@executable_path/Frameworks",
					"@loader_path/Frameworks",
				);
				MARKETING_VERSION = 1.0;
				MODULE_VERIFIER_SUPPORTED_LANGUAGES = "objective-c objective-c++";
				MODULE_VERIFIER_SUPPORTED_LANGUAGE_STANDARDS = "gnu17 gnu++20";
				PRODUCT_BUNDLE_IDENTIFIER = com.bogdanov.kv.CoreDataService;
				PRODUCT_NAME = "$(TARGET_NAME:c99extidentifier)";
				SKIP_INSTALL = YES;
				SWIFT_EMIT_LOC_STRINGS = YES;
				SWIFT_OPTIMIZATION_LEVEL = "-Onone";
				SWIFT_VERSION = 5.0;
				TARGETED_DEVICE_FAMILY = "1,2";
			};
			name = Debug;
		};
		148AE3072ABEEA9A006E5411 /* Release */ = {
			isa = XCBuildConfiguration;
			buildSettings = {
				CLANG_ENABLE_MODULES = YES;
				CODE_SIGN_STYLE = Automatic;
				CURRENT_PROJECT_VERSION = 1;
				DEFINES_MODULE = YES;
				DYLIB_COMPATIBILITY_VERSION = 1;
				DYLIB_CURRENT_VERSION = 1;
				DYLIB_INSTALL_NAME_BASE = "@rpath";
				ENABLE_MODULE_VERIFIER = YES;
				GENERATE_INFOPLIST_FILE = YES;
				INFOPLIST_KEY_NSHumanReadableCopyright = "";
				INSTALL_PATH = "$(LOCAL_LIBRARY_DIR)/Frameworks";
				LD_RUNPATH_SEARCH_PATHS = (
					"$(inherited)",
					"@executable_path/Frameworks",
					"@loader_path/Frameworks",
				);
				MARKETING_VERSION = 1.0;
				MODULE_VERIFIER_SUPPORTED_LANGUAGES = "objective-c objective-c++";
				MODULE_VERIFIER_SUPPORTED_LANGUAGE_STANDARDS = "gnu17 gnu++20";
				PRODUCT_BUNDLE_IDENTIFIER = com.bogdanov.kv.CoreDataService;
				PRODUCT_NAME = "$(TARGET_NAME:c99extidentifier)";
				SKIP_INSTALL = YES;
				SWIFT_EMIT_LOC_STRINGS = YES;
				SWIFT_VERSION = 5.0;
				TARGETED_DEVICE_FAMILY = "1,2";
			};
			name = Release;
		};
/* End XCBuildConfiguration section */

/* Begin XCConfigurationList section */
		148AE2F62ABEEA9A006E5411 /* Build configuration list for PBXProject "CoreDataService" */ = {
			isa = XCConfigurationList;
			buildConfigurations = (
				148AE3032ABEEA9A006E5411 /* Debug */,
				148AE3042ABEEA9A006E5411 /* Release */,
			);
			defaultConfigurationIsVisible = 0;
			defaultConfigurationName = Release;
		};
		148AE3052ABEEA9A006E5411 /* Build configuration list for PBXNativeTarget "CoreDataService" */ = {
			isa = XCConfigurationList;
			buildConfigurations = (
				148AE3062ABEEA9A006E5411 /* Debug */,
				148AE3072ABEEA9A006E5411 /* Release */,
			);
			defaultConfigurationIsVisible = 0;
			defaultConfigurationName = Release;
		};
/* End XCConfigurationList section */

/* Begin XCVersionGroup section */
		148AE3142ABEEAFE006E5411 /* CoreDataService.xcdatamodeld */ = {
			isa = XCVersionGroup;
			children = (
				148AE3152ABEEAFE006E5411 /* CoreDataService.xcdatamodel */,
			);
			currentVersion = 148AE3152ABEEAFE006E5411 /* CoreDataService.xcdatamodel */;
			path = CoreDataService.xcdatamodeld;
			sourceTree = "<group>";
			versionGroupType = wrapper.xcdatamodel;
		};
/* End XCVersionGroup section */
	};
	rootObject = 148AE2F32ABEEA9A006E5411 /* Project object */;
}
