{
  "object": {
    "pins": [
      {
        "package": "CoreDataService",
        "repositoryURL": "https://github.com/bogdanovkv/CoreDataService.git",
        "state": {
          "branch": null,
          "revision": "d4d18e67da720bc7011dc99a70b33183360a8bcd",
          "version": "1.0.6"
        }
      },
      {
        "package": "DatabaseAbstraction",
        "repositoryURL": "https://github.com/bogdanovkv/DatabaseAbstraction",
        "state": {
          "branch": null,
          "revision": "45d3f3955c672c4166e430200e515ed3e902ceb8",
          "version": "1.0.3"
        }
      },
      {
        "package": "DomainAbstraction",
        "repositoryURL": "https://github.com/bogdanovkv/DomainAbstraction.git",
        "state": {
          "branch": null,
          "revision": "d2bc3edb8398b7ac0a056ea0db44808afa91cc58",
          "version": "1.0.1"
        }
      },
      {
        "package": "LocationDomainAbstraction",
        "repositoryURL": "https://github.com/bogdanovkv/LocationDomainAbstraction.git",
        "state": {
          "branch": null,
          "revision": "89fe836913ccfce86eb0179385556921b882f51f",
          "version": "1.0.1"
        }
      },
      {
        "package": "LocationDomainLogic",
        "repositoryURL": "https://github.com/bogdanovkv/LocationDomainLogic.git",
        "state": {
          "branch": null,
          "revision": "db039e41e8a43cfe01fdb995f617e818584ea3eb",
          "version": "1.0.2"
        }
      },
      {
        "package": "LocationRepository",
        "repositoryURL": "https://github.com/bogdanovkv/LocationRepository.git",
        "state": {
          "branch": null,
          "revision": "fc59e521acf3053acf56440a0e69a751cb1ed53c",
          "version": "1.0.1"
        }
      },
      {
        "package": "LocationRepositoryAbstraction",
        "repositoryURL": "https://github.com/bogdanovkv/LocationRepositoryAbstraction.git",
        "state": {
          "branch": null,
          "revision": "41efc928102634738e9faf02391f65d1efed9fc2",
          "version": "1.0.2"
        }
      },
      {
        "package": "NetworkAbstraction",
        "repositoryURL": "https://github.com/bogdanovkv/NetworkAbstration.git",
        "state": {
          "branch": null,
          "revision": "bc9248116fae94cccc4e95e643a8ea6f027b14af",
          "version": "1.0.3"
        }
      },
      {
        "package": "NetworkService",
        "repositoryURL": "https://github.com/bogdanovkv/NetworkService.git",
        "state": {
          "branch": null,
          "revision": "b6ef324b2a8e61045ea38f280c725298155cc728",
          "version": "1.0.1"
        }
      },
      {
        "package": "TicketsDomainAbstraction",
        "repositoryURL": "https://github.com/bogdanovkv/TicketsDomainAbstraction.git",
        "state": {
          "branch": null,
          "revision": "429d0f43ab3d742637e82d0f27b9ef4e24417182",
          "version": "1.0.1"
        }
      },
      {
        "package": "TicketsDomainLogic",
        "repositoryURL": "https://github.com/bogdanovkv/TicketsDomainLogic.git",
        "state": {
          "branch": null,
          "revision": "6f330e54e90a1067b41fb85bc29ef9c0ee89cfd4",
          "version": "1.0.2"
        }
      },
      {
        "package": "TicketsRepository",
        "repositoryURL": "https://github.com/bogdanovkv/TicketsRepository.git",
        "state": {
          "branch": null,
          "revision": "d04ea811976d7f76295d4042bc7a7d135074c25e",
          "version": "1.0.1"
        }
      },
      {
        "package": "TicketsRepositoryAbstraction",
        "repositoryURL": "https://github.com/bogdanovkv/TicketsRepositoryAbstraction.git",
        "state": {
          "branch": null,
          "revision": "e9f55dabebba79c8c810974595f10a25733d0440",
          "version": "1.0.3"
        }
      },
      {
        "package": "UserSettingsAbstration",
        "repositoryURL": "https://github.com/bogdanovkv/UserSettingsAbstration.git",
        "state": {
          "branch": null,
          "revision": "e1a3e7d1596c7efef9d0e47bc29a8d9c41ce69b6",
          "version": "1.0.0"
        }
      },
      {
        "package": "UserSettingsRepository",
        "repositoryURL": "https://github.com/bogdanovkv/UserSettingsRepository.git",
        "state": {
          "branch": null,
          "revision": "737e3b2f32cbbdaebfccdaf4ab83c20467a807e4",
          "version": "1.0.0"
        }
      },
      {
        "package": "UserSettingsRepositoryAbstraction",
        "repositoryURL": "https://github.com/bogdanovkv/UserSettingsRepositoryAbstraction.git",
        "state": {
          "branch": null,
          "revision": "e34ce7c936d6646d43e76e00df2cab3416e55d54",
          "version": "1.0.0"
        }
      },
      {
        "package": "UserSettingsService",
        "repositoryURL": "https://github.com/bogdanovkv/UserSettingsService.git",
        "state": {
          "branch": null,
          "revision": "a19c6efea9d7bedc2b98f7c1f05fa06bbd0ffa55",
          "version": "1.0.0"
        }
      }
    ]
  },
  "version": 1
}
