// !$*UTF8*$!
{
	archiveVersion = 1;
	classes = {
	};
	objectVersion = 54;
	objects = {

/* Begin PBXBuildFile section */
		141563C025F621B000B96C6A /* LocationUseCaseTests.swift in Sources */ = {isa = PBXBuildFile; fileRef = 141563BF25F621B000B96C6A /* LocationUseCaseTests.swift */; };
		1417C3AC2AC330D600AB086B /* LocationViewOutputProxyWithMetrics.swift in Sources */ = {isa = PBXBuildFile; fileRef = 1417C3AB2AC330D600AB086B /* LocationViewOutputProxyWithMetrics.swift */; };
		1421949B2ABF215A000A4F59 /* TicketsSearchInteractorOutputMainThreadProxy.swift in Sources */ = {isa = PBXBuildFile; fileRef = 1421949A2ABF215A000A4F59 /* TicketsSearchInteractorOutputMainThreadProxy.swift */; };
		142865CE25509648003D1930 /* SelectCountryAssembly.swift in Sources */ = {isa = PBXBuildFile; fileRef = 142865CD25509648003D1930 /* SelectCountryAssembly.swift */; };
		142865DD25509C4E003D1930 /* SelectCityViewController.swift in Sources */ = {isa = PBXBuildFile; fileRef = 142865DA25509C4E003D1930 /* SelectCityViewController.swift */; };
		142865DE25509C4E003D1930 /* SelectCityAssembly.swift in Sources */ = {isa = PBXBuildFile; fileRef = 142865DB25509C4E003D1930 /* SelectCityAssembly.swift */; };
		142865DF25509C4E003D1930 /* SelectCityInteractor.swift in Sources */ = {isa = PBXBuildFile; fileRef = 142865DC25509C4E003D1930 /* SelectCityInteractor.swift */; };
		142865E32551DB30003D1930 /* TicketsSearchViewController.swift in Sources */ = {isa = PBXBuildFile; fileRef = 142865E22551DB30003D1930 /* TicketsSearchViewController.swift */; };
		142865E52551DBD9003D1930 /* TicketsSearchInteractor.swift in Sources */ = {isa = PBXBuildFile; fileRef = 142865E42551DBD9003D1930 /* TicketsSearchInteractor.swift */; };
		1438FF6F20F9FD29003CC7C2 /* AppDelegate.swift in Sources */ = {isa = PBXBuildFile; fileRef = 1438FF6E20F9FD29003CC7C2 /* AppDelegate.swift */; };
		1438FF7120F9FD29003CC7C2 /* LocationViewController.swift in Sources */ = {isa = PBXBuildFile; fileRef = 1438FF7020F9FD29003CC7C2 /* LocationViewController.swift */; };
		1438FF7920F9FD2B003CC7C2 /* Assets.xcassets in Resources */ = {isa = PBXBuildFile; fileRef = 1438FF7820F9FD2B003CC7C2 /* Assets.xcassets */; };
		1438FF8720F9FD2B003CC7C2 /* SBTSwiftProjectTests.swift in Sources */ = {isa = PBXBuildFile; fileRef = 1438FF8620F9FD2B003CC7C2 /* SBTSwiftProjectTests.swift */; };
		143AE7492639D98800D49F03 /* TicketsSearchViewModel.swift in Sources */ = {isa = PBXBuildFile; fileRef = 143AE7482639D98800D49F03 /* TicketsSearchViewModel.swift */; };
		143AE750263A9AA100D49F03 /* FlowCoordnator.swift in Sources */ = {isa = PBXBuildFile; fileRef = 143AE74F263A9AA100D49F03 /* FlowCoordnator.swift */; };
		143BA912263D9CE2002011EC /* TicketAssemblyProtocol.swift in Sources */ = {isa = PBXBuildFile; fileRef = 143BA911263D9CE2002011EC /* TicketAssemblyProtocol.swift */; };
		143BA916263D9D24002011EC /* TicketPresentationModel.swift in Sources */ = {isa = PBXBuildFile; fileRef = 143BA915263D9D24002011EC /* TicketPresentationModel.swift */; };
		143BA91A263DA05E002011EC /* TicketInteractor.swift in Sources */ = {isa = PBXBuildFile; fileRef = 143BA919263DA05E002011EC /* TicketInteractor.swift */; };
		143BA91D263DAC5C002011EC /* LocationCoordinator.swift in Sources */ = {isa = PBXBuildFile; fileRef = 143BA91C263DAC5C002011EC /* LocationCoordinator.swift */; };
		143BA920263DAEF3002011EC /* Router.swift in Sources */ = {isa = PBXBuildFile; fileRef = 143BA91F263DAEF3002011EC /* Router.swift */; };
		14402E35263DC90900D53200 /* TabBarCoordinator.swift in Sources */ = {isa = PBXBuildFile; fileRef = 14402E34263DC90900D53200 /* TabBarCoordinator.swift */; };
		14402E39263DCB0E00D53200 /* TicketsSearchCoordinator.swift in Sources */ = {isa = PBXBuildFile; fileRef = 14402E38263DCB0E00D53200 /* TicketsSearchCoordinator.swift */; };
		14402E3E263DCD9000D53200 /* TabBarCoordinatorAssembly.swift in Sources */ = {isa = PBXBuildFile; fileRef = 14402E3D263DCD9000D53200 /* TabBarCoordinatorAssembly.swift */; };
		145191042569604800A5593E /* TicketViewController.swift in Sources */ = {isa = PBXBuildFile; fileRef = 145191032569604800A5593E /* TicketViewController.swift */; };
		145191082569608A00A5593E /* TicketView.swift in Sources */ = {isa = PBXBuildFile; fileRef = 145191072569608A00A5593E /* TicketView.swift */; };
		1451910B2569684D00A5593E /* TicketAssembly.swift in Sources */ = {isa = PBXBuildFile; fileRef = 1451910A2569684D00A5593E /* TicketAssembly.swift */; };
		1451911125697E8500A5593E /* TicketViewModel.swift in Sources */ = {isa = PBXBuildFile; fileRef = 1451911025697E8500A5593E /* TicketViewModel.swift */; };
		1478A0902552BEA100C3633C /* TicketsSearchView.swift in Sources */ = {isa = PBXBuildFile; fileRef = 1478A08F2552BEA100C3633C /* TicketsSearchView.swift */; };
		1478A0942552BF1C00C3633C /* TicketHeaderView.swift in Sources */ = {isa = PBXBuildFile; fileRef = 1478A0932552BF1C00C3633C /* TicketHeaderView.swift */; };
		1478A0982552CF9500C3633C /* TicketsSearchAssembly.swift in Sources */ = {isa = PBXBuildFile; fileRef = 1478A0972552CF9500C3633C /* TicketsSearchAssembly.swift */; };
		1478A09E2552D9A900C3633C /* TicketsSearchDatePicker.swift in Sources */ = {isa = PBXBuildFile; fileRef = 1478A09D2552D9A900C3633C /* TicketsSearchDatePicker.swift */; };
		1478A0A52552F30B00C3633C /* Date.swift in Sources */ = {isa = PBXBuildFile; fileRef = 1478A0A42552F30B00C3633C /* Date.swift */; };
		147981AC254D9C1D00110A9B /* AppErrors.swift in Sources */ = {isa = PBXBuildFile; fileRef = 147981AB254D9C1D00110A9B /* AppErrors.swift */; };
		147A2A362ABF068D0056A2A3 /* CoreDataServiceAssembly.swift in Sources */ = {isa = PBXBuildFile; fileRef = 147A2A352ABF068D0056A2A3 /* CoreDataServiceAssembly.swift */; };
		147A2A4E2ABF0C2A0056A2A3 /* LocationRepositoriesAssembly.swift in Sources */ = {isa = PBXBuildFile; fileRef = 147A2A4D2ABF0C2A0056A2A3 /* LocationRepositoriesAssembly.swift */; };
		147A2A4F2ABF0DCE0056A2A3 /* NetworkService.framework in Frameworks */ = {isa = PBXBuildFile; fileRef = 148AE1412ABEDDBB006E5411 /* NetworkService.framework */; };
		147A2A502ABF0DCE0056A2A3 /* NetworkService.framework in Embed Frameworks */ = {isa = PBXBuildFile; fileRef = 148AE1412ABEDDBB006E5411 /* NetworkService.framework */; settings = {ATTRIBUTES = (CodeSignOnCopy, RemoveHeadersOnCopy, ); }; };
		147A2A542ABF11F50056A2A3 /* TicketsRepository+TicketsRepositoryProtocol.swift in Sources */ = {isa = PBXBuildFile; fileRef = 147A2A532ABF11F50056A2A3 /* TicketsRepository+TicketsRepositoryProtocol.swift */; };
		147A2A592ABF16A90056A2A3 /* LocationInteractorOutputMainThreadProxy.swift in Sources */ = {isa = PBXBuildFile; fileRef = 147A2A582ABF16A90056A2A3 /* LocationInteractorOutputMainThreadProxy.swift */; };
		1485DD5C2599197B009FFF7C /* SettingsView.swift in Sources */ = {isa = PBXBuildFile; fileRef = 1485DD5B2599197B009FFF7C /* SettingsView.swift */; };
		148AE34E2ABEFC2B006E5411 /* CoreDataService.framework in Frameworks */ = {isa = PBXBuildFile; fileRef = 148AE30D2ABEEA9B006E5411 /* CoreDataService.framework */; };
		148AE34F2ABEFC2B006E5411 /* CoreDataService.framework in Embed Frameworks */ = {isa = PBXBuildFile; fileRef = 148AE30D2ABEEA9B006E5411 /* CoreDataService.framework */; settings = {ATTRIBUTES = (CodeSignOnCopy, RemoveHeadersOnCopy, ); }; };
		148AE3502ABEFC33006E5411 /* DatabaseAbstraction.framework in Frameworks */ = {isa = PBXBuildFile; fileRef = 148AE2ED2ABEEA3F006E5411 /* DatabaseAbstraction.framework */; };
		148AE3512ABEFC33006E5411 /* DatabaseAbstraction.framework in Embed Frameworks */ = {isa = PBXBuildFile; fileRef = 148AE2ED2ABEEA3F006E5411 /* DatabaseAbstraction.framework */; settings = {ATTRIBUTES = (CodeSignOnCopy, RemoveHeadersOnCopy, ); }; };
		148AE3522ABEFC38006E5411 /* DomainAbstractions.framework in Frameworks */ = {isa = PBXBuildFile; fileRef = 14E8A9D42ABC359A00FA219D /* DomainAbstractions.framework */; };
		148AE3532ABEFC38006E5411 /* DomainAbstractions.framework in Embed Frameworks */ = {isa = PBXBuildFile; fileRef = 14E8A9D42ABC359A00FA219D /* DomainAbstractions.framework */; settings = {ATTRIBUTES = (CodeSignOnCopy, RemoveHeadersOnCopy, ); }; };
		148AE3542ABEFC3D006E5411 /* LocationDomain.framework in Frameworks */ = {isa = PBXBuildFile; fileRef = 148AE2222ABEE36C006E5411 /* LocationDomain.framework */; };
		148AE3552ABEFC3D006E5411 /* LocationDomain.framework in Embed Frameworks */ = {isa = PBXBuildFile; fileRef = 148AE2222ABEE36C006E5411 /* LocationDomain.framework */; settings = {ATTRIBUTES = (CodeSignOnCopy, RemoveHeadersOnCopy, ); }; };
		148AE3572ABEFC42006E5411 /* LocationRespository.framework in Embed Frameworks */ = {isa = PBXBuildFile; fileRef = 148AE1AE2ABEE1E5006E5411 /* LocationRespository.framework */; settings = {ATTRIBUTES = (CodeSignOnCopy, RemoveHeadersOnCopy, ); }; };
		148AE3582ABEFC46006E5411 /* LocationRespository.framework in Frameworks */ = {isa = PBXBuildFile; fileRef = 148AE1AE2ABEE1E5006E5411 /* LocationRespository.framework */; };
		148AE3592ABEFC4C006E5411 /* UserSettingsService.framework in Frameworks */ = {isa = PBXBuildFile; fileRef = 148AE1122ABEDCBC006E5411 /* UserSettingsService.framework */; };
		148AE35A2ABEFC4C006E5411 /* UserSettingsService.framework in Embed Frameworks */ = {isa = PBXBuildFile; fileRef = 148AE1122ABEDCBC006E5411 /* UserSettingsService.framework */; settings = {ATTRIBUTES = (CodeSignOnCopy, RemoveHeadersOnCopy, ); }; };
		148AE35B2ABEFC55006E5411 /* UserSettingsRepository.framework in Frameworks */ = {isa = PBXBuildFile; fileRef = 148AE1782ABEDF28006E5411 /* UserSettingsRepository.framework */; };
		148AE35C2ABEFC55006E5411 /* UserSettingsRepository.framework in Embed Frameworks */ = {isa = PBXBuildFile; fileRef = 148AE1782ABEDF28006E5411 /* UserSettingsRepository.framework */; settings = {ATTRIBUTES = (CodeSignOnCopy, RemoveHeadersOnCopy, ); }; };
		148AE35D2ABEFC64006E5411 /* TicketsRepository.framework in Frameworks */ = {isa = PBXBuildFile; fileRef = 148AE3492ABEEC76006E5411 /* TicketsRepository.framework */; };
		148AE35E2ABEFC64006E5411 /* TicketsRepository.framework in Embed Frameworks */ = {isa = PBXBuildFile; fileRef = 148AE3492ABEEC76006E5411 /* TicketsRepository.framework */; settings = {ATTRIBUTES = (CodeSignOnCopy, RemoveHeadersOnCopy, ); }; };
		14977A8A2ABF67470051DF74 /* NetworkServiceWithLogs.swift in Sources */ = {isa = PBXBuildFile; fileRef = 14977A892ABF67470051DF74 /* NetworkServiceWithLogs.swift */; };
		14977AA32ABF68F70051DF74 /* Logger+Categories.swift in Sources */ = {isa = PBXBuildFile; fileRef = 14977AA22ABF68F70051DF74 /* Logger+Categories.swift */; };
		14AE5AE325443B7300548B1D /* Launch Screen.storyboard in Resources */ = {isa = PBXBuildFile; fileRef = 14AE5AE225443B7300548B1D /* Launch Screen.storyboard */; };
		14AE5AE825447E4600548B1D /* LocationInteractor.swift in Sources */ = {isa = PBXBuildFile; fileRef = 14AE5AE725447E4600548B1D /* LocationInteractor.swift */; };
		14AE5AEA2544801D00548B1D /* LocationView.swift in Sources */ = {isa = PBXBuildFile; fileRef = 14AE5AE92544801D00548B1D /* LocationView.swift */; };
		14AE5AEC2544899800548B1D /* LocationAssembly.swift in Sources */ = {isa = PBXBuildFile; fileRef = 14AE5AEB2544899800548B1D /* LocationAssembly.swift */; };
		14C60EBA25F62443007455BF /* LocationRepositorySpy_one.swift in Sources */ = {isa = PBXBuildFile; fileRef = 14C60EB925F62443007455BF /* LocationRepositorySpy_one.swift */; };
		14CD687B263EE631009A92F0 /* CoordinationComposer.swift in Sources */ = {isa = PBXBuildFile; fileRef = 14CD687A263EE631009A92F0 /* CoordinationComposer.swift */; };
		14CD6885263EFD45009A92F0 /* TicketCoordinator.swift in Sources */ = {isa = PBXBuildFile; fileRef = 14CD6884263EFD45009A92F0 /* TicketCoordinator.swift */; };
		14CDC80F25E25E6D003CA021 /* GetCitiesUseCaseTests.swift in Sources */ = {isa = PBXBuildFile; fileRef = 14CDC80E25E25E6D003CA021 /* GetCitiesUseCaseTests.swift */; };
		14D634C825506A1200FF7D37 /* AlertControllerAssembly.swift in Sources */ = {isa = PBXBuildFile; fileRef = 14D634C725506A1200FF7D37 /* AlertControllerAssembly.swift */; };
		14D634CD2550756900FF7D37 /* SelectCountryViewController.swift in Sources */ = {isa = PBXBuildFile; fileRef = 14D634CC2550756900FF7D37 /* SelectCountryViewController.swift */; };
		14D634CF255075B300FF7D37 /* SelectCountryInteractor.swift in Sources */ = {isa = PBXBuildFile; fileRef = 14D634CE255075B300FF7D37 /* SelectCountryInteractor.swift */; };
		14E2521625E25FF80073C50C /* LocationRepositorySpy.swift in Sources */ = {isa = PBXBuildFile; fileRef = 14E2521525E25FF80073C50C /* LocationRepositorySpy.swift */; };
		14E8A9252ABC2B9500FA219D /* TicketsDomain.framework in Frameworks */ = {isa = PBXBuildFile; fileRef = 14E8A9222ABC2B7200FA219D /* TicketsDomain.framework */; };
		14E8A9262ABC2B9500FA219D /* TicketsDomain.framework in Embed Frameworks */ = {isa = PBXBuildFile; fileRef = 14E8A9222ABC2B7200FA219D /* TicketsDomain.framework */; settings = {ATTRIBUTES = (CodeSignOnCopy, RemoveHeadersOnCopy, ); }; };
		14EA9E66263DD94A0037DFAE /* LocationCoordinatorAssembly.swift in Sources */ = {isa = PBXBuildFile; fileRef = 14EA9E65263DD94A0037DFAE /* LocationCoordinatorAssembly.swift */; };
		14EA9E6B263E9E1E0037DFAE /* SelectCityCoordinator.swift in Sources */ = {isa = PBXBuildFile; fileRef = 14EA9E6A263E9E1E0037DFAE /* SelectCityCoordinator.swift */; };
		14EA9E70263EA21A0037DFAE /* SelectCityCoordinatorAssembly.swift in Sources */ = {isa = PBXBuildFile; fileRef = 14EA9E6F263EA21A0037DFAE /* SelectCityCoordinatorAssembly.swift */; };
		14EA9E73263EA4DD0037DFAE /* SelectCountryCoordinator.swift in Sources */ = {isa = PBXBuildFile; fileRef = 14EA9E72263EA4DD0037DFAE /* SelectCountryCoordinator.swift */; };
		14EA9E79263EA81B0037DFAE /* SettingsCoordinator.swift in Sources */ = {isa = PBXBuildFile; fileRef = 14EA9E78263EA81B0037DFAE /* SettingsCoordinator.swift */; };
		14EA9E7D263EA9DE0037DFAE /* SettingsCoordinatorAssemby.swift in Sources */ = {isa = PBXBuildFile; fileRef = 14EA9E7C263EA9DE0037DFAE /* SettingsCoordinatorAssemby.swift */; };
		14EA9E83263ECE840037DFAE /* AppComposer.swift in Sources */ = {isa = PBXBuildFile; fileRef = 14EA9E82263ECE840037DFAE /* AppComposer.swift */; };
		14EA9E87263EDA040037DFAE /* ServiceLayerComposer.swift in Sources */ = {isa = PBXBuildFile; fileRef = 14EA9E86263EDA040037DFAE /* ServiceLayerComposer.swift */; };
		14EA9E8B263EDAA30037DFAE /* DataLayerComposer.swift in Sources */ = {isa = PBXBuildFile; fileRef = 14EA9E8A263EDAA30037DFAE /* DataLayerComposer.swift */; };
		14EA9E8E263EDD990037DFAE /* DomainLayerComposer.swift in Sources */ = {isa = PBXBuildFile; fileRef = 14EA9E8D263EDD990037DFAE /* DomainLayerComposer.swift */; };
		14EA9E91263EE2240037DFAE /* PresentationLayerComposer.swift in Sources */ = {isa = PBXBuildFile; fileRef = 14EA9E90263EE2240037DFAE /* PresentationLayerComposer.swift */; };
		14ECFD572556913E00FBFC62 /* SettingsViewController.swift in Sources */ = {isa = PBXBuildFile; fileRef = 14ECFD562556913E00FBFC62 /* SettingsViewController.swift */; };
		14ECFD5A2556918900FBFC62 /* SettingsAssembly.swift in Sources */ = {isa = PBXBuildFile; fileRef = 14ECFD592556918900FBFC62 /* SettingsAssembly.swift */; };
		14ECFD612556A58100FBFC62 /* TicketTableViewCell.swift in Sources */ = {isa = PBXBuildFile; fileRef = 14ECFD602556A58100FBFC62 /* TicketTableViewCell.swift */; };
		14F78D1A254DFF7D0043C6DA /* LocationViewModel.swift in Sources */ = {isa = PBXBuildFile; fileRef = 14F78D19254DFF7D0043C6DA /* LocationViewModel.swift */; };
/* End PBXBuildFile section */

/* Begin PBXContainerItemProxy section */
		1438FF8320F9FD2B003CC7C2 /* PBXContainerItemProxy */ = {
			isa = PBXContainerItemProxy;
			containerPortal = 1438FF6320F9FD29003CC7C2 /* Project object */;
			proxyType = 1;
			remoteGlobalIDString = 1438FF6A20F9FD29003CC7C2;
			remoteInfo = SBTSwiftProject;
		};
		148AE1112ABEDCBC006E5411 /* PBXContainerItemProxy */ = {
			isa = PBXContainerItemProxy;
			containerPortal = 148AE10C2ABEDCBC006E5411 /* UserSettingsService.xcodeproj */;
			proxyType = 2;
			remoteGlobalIDString = 148AE0F22ABEDCBB006E5411;
			remoteInfo = UserSettingsService;
		};
		148AE1132ABEDCBC006E5411 /* PBXContainerItemProxy */ = {
			isa = PBXContainerItemProxy;
			containerPortal = 148AE10C2ABEDCBC006E5411 /* UserSettingsService.xcodeproj */;
			proxyType = 2;
			remoteGlobalIDString = 148AE0FC2ABEDCBC006E5411;
			remoteInfo = UserSettingsServiceTests;
		};
		148AE1402ABEDDBB006E5411 /* PBXContainerItemProxy */ = {
			isa = PBXContainerItemProxy;
			containerPortal = 148AE13B2ABEDDBA006E5411 /* NetworkService.xcodeproj */;
			proxyType = 2;
			remoteGlobalIDString = 148AE1212ABEDDBA006E5411;
			remoteInfo = NetworkService;
		};
		148AE1422ABEDDBB006E5411 /* PBXContainerItemProxy */ = {
			isa = PBXContainerItemProxy;
			containerPortal = 148AE13B2ABEDDBA006E5411 /* NetworkService.xcodeproj */;
			proxyType = 2;
			remoteGlobalIDString = 148AE12B2ABEDDBA006E5411;
			remoteInfo = NetworkServiceTests;
		};
		148AE1772ABEDF28006E5411 /* PBXContainerItemProxy */ = {
			isa = PBXContainerItemProxy;
			containerPortal = 148AE1722ABEDF28006E5411 /* UserSettingsRepository.xcodeproj */;
			proxyType = 2;
			remoteGlobalIDString = 148AE1582ABEDF28006E5411;
			remoteInfo = UserSettingsRepository;
		};
		148AE1792ABEDF28006E5411 /* PBXContainerItemProxy */ = {
			isa = PBXContainerItemProxy;
			containerPortal = 148AE1722ABEDF28006E5411 /* UserSettingsRepository.xcodeproj */;
			proxyType = 2;
			remoteGlobalIDString = 148AE1622ABEDF28006E5411;
			remoteInfo = UserSettingsRepositoryTests;
		};
		148AE1AD2ABEE1E5006E5411 /* PBXContainerItemProxy */ = {
			isa = PBXContainerItemProxy;
			containerPortal = 148AE1A82ABEE1E5006E5411 /* LocationRespository.xcodeproj */;
			proxyType = 2;
			remoteGlobalIDString = 148AE18E2ABEE1E5006E5411;
			remoteInfo = LocationRespository;
		};
		148AE1AF2ABEE1E5006E5411 /* PBXContainerItemProxy */ = {
			isa = PBXContainerItemProxy;
			containerPortal = 148AE1A82ABEE1E5006E5411 /* LocationRespository.xcodeproj */;
			proxyType = 2;
			remoteGlobalIDString = 148AE1982ABEE1E5006E5411;
			remoteInfo = LocationRespositoryTests;
		};
		148AE1F42ABEE2CB006E5411 /* PBXContainerItemProxy */ = {
			isa = PBXContainerItemProxy;
			containerPortal = 148AE1EF2ABEE2CB006E5411 /* NetworkingAbstractions.xcodeproj */;
			proxyType = 2;
			remoteGlobalIDString = 148AE1BB2ABEE21F006E5411;
			remoteInfo = NetworkingAbstractions;
		};
		148AE1F62ABEE2CB006E5411 /* PBXContainerItemProxy */ = {
			isa = PBXContainerItemProxy;
			containerPortal = 148AE1EF2ABEE2CB006E5411 /* NetworkingAbstractions.xcodeproj */;
			proxyType = 2;
			remoteGlobalIDString = 148AE1C52ABEE21F006E5411;
			remoteInfo = NetworkingAbstractionsTests;
		};
		148AE2212ABEE36C006E5411 /* PBXContainerItemProxy */ = {
			isa = PBXContainerItemProxy;
			containerPortal = 148AE21C2ABEE36C006E5411 /* LocationDomain.xcodeproj */;
			proxyType = 2;
			remoteGlobalIDString = 148AE2022ABEE36C006E5411;
			remoteInfo = LocationDomain;
		};
		148AE2232ABEE36C006E5411 /* PBXContainerItemProxy */ = {
			isa = PBXContainerItemProxy;
			containerPortal = 148AE21C2ABEE36C006E5411 /* LocationDomain.xcodeproj */;
			proxyType = 2;
			remoteGlobalIDString = 148AE20C2ABEE36C006E5411;
			remoteInfo = LocationDomainTests;
		};
		148AE2AF2ABEE7CE006E5411 /* PBXContainerItemProxy */ = {
			isa = PBXContainerItemProxy;
			containerPortal = 148AE2AA2ABEE7CE006E5411 /* NetworkingAbstractions.xcodeproj */;
			proxyType = 2;
			remoteGlobalIDString = 148AE1BB2ABEE21F006E5411;
			remoteInfo = NetworkingAbstractions;
		};
		148AE2B12ABEE7CE006E5411 /* PBXContainerItemProxy */ = {
			isa = PBXContainerItemProxy;
			containerPortal = 148AE2AA2ABEE7CE006E5411 /* NetworkingAbstractions.xcodeproj */;
			proxyType = 2;
			remoteGlobalIDString = 148AE1C52ABEE21F006E5411;
			remoteInfo = NetworkingAbstractionsTests;
		};
		148AE2B82ABEE7E0006E5411 /* PBXContainerItemProxy */ = {
			isa = PBXContainerItemProxy;
			containerPortal = 148AE2B32ABEE7E0006E5411 /* LocationDomainModels.xcodeproj */;
			proxyType = 2;
			remoteGlobalIDString = 148AE2902ABEE7B5006E5411;
			remoteInfo = LocationDomainModels;
		};
		148AE2BA2ABEE7E0006E5411 /* PBXContainerItemProxy */ = {
			isa = PBXContainerItemProxy;
			containerPortal = 148AE2B32ABEE7E0006E5411 /* LocationDomainModels.xcodeproj */;
			proxyType = 2;
			remoteGlobalIDString = 148AE29A2ABEE7B5006E5411;
			remoteInfo = LocationDomainModelsTests;
		};
		148AE2EC2ABEEA3F006E5411 /* PBXContainerItemProxy */ = {
			isa = PBXContainerItemProxy;
			containerPortal = 148AE2E82ABEEA3F006E5411 /* DatabaseAbstraction.xcodeproj */;
			proxyType = 2;
			remoteGlobalIDString = 148AE2DC2ABEEA3F006E5411;
			remoteInfo = DatabaseAbstraction;
		};
		148AE30C2ABEEA9B006E5411 /* PBXContainerItemProxy */ = {
			isa = PBXContainerItemProxy;
			containerPortal = 148AE3082ABEEA9A006E5411 /* CoreDataService.xcodeproj */;
			proxyType = 2;
			remoteGlobalIDString = 148AE2FC2ABEEA9A006E5411;
			remoteInfo = CoreDataService;
		};
		148AE3482ABEEC76006E5411 /* PBXContainerItemProxy */ = {
			isa = PBXContainerItemProxy;
			containerPortal = 148AE3442ABEEC75006E5411 /* TicketsRepository.xcodeproj */;
			proxyType = 2;
			remoteGlobalIDString = 148AE3382ABEEC75006E5411;
			remoteInfo = TicketsRepository;
		};
		14E8A9212ABC2B7200FA219D /* PBXContainerItemProxy */ = {
			isa = PBXContainerItemProxy;
			containerPortal = 14E8A91C2ABC2B7200FA219D /* TicketsDomain.xcodeproj */;
			proxyType = 2;
			remoteGlobalIDString = 14E8A9022ABC2B7200FA219D;
			remoteInfo = TicketsDomain;
		};
		14E8A9232ABC2B7200FA219D /* PBXContainerItemProxy */ = {
			isa = PBXContainerItemProxy;
			containerPortal = 14E8A91C2ABC2B7200FA219D /* TicketsDomain.xcodeproj */;
			proxyType = 2;
			remoteGlobalIDString = 14E8A90C2ABC2B7200FA219D;
			remoteInfo = TicketsDomainTests;
		};
		14E8A9D32ABC359A00FA219D /* PBXContainerItemProxy */ = {
			isa = PBXContainerItemProxy;
			containerPortal = 14E8A9CE2ABC359A00FA219D /* DomainAbstractions.xcodeproj */;
			proxyType = 2;
			remoteGlobalIDString = 14E8A9B42ABC359A00FA219D;
			remoteInfo = DomainAbstractions;
		};
/* End PBXContainerItemProxy section */

/* Begin PBXCopyFilesBuildPhase section */
		14E8A9272ABC2B9500FA219D /* Embed Frameworks */ = {
			isa = PBXCopyFilesBuildPhase;
			buildActionMask = 2147483647;
			dstPath = "";
			dstSubfolderSpec = 10;
			files = (
				148AE35C2ABEFC55006E5411 /* UserSettingsRepository.framework in Embed Frameworks */,
				14E8A9262ABC2B9500FA219D /* TicketsDomain.framework in Embed Frameworks */,
				148AE35A2ABEFC4C006E5411 /* UserSettingsService.framework in Embed Frameworks */,
				148AE3552ABEFC3D006E5411 /* LocationDomain.framework in Embed Frameworks */,
				148AE3532ABEFC38006E5411 /* DomainAbstractions.framework in Embed Frameworks */,
				148AE3572ABEFC42006E5411 /* LocationRespository.framework in Embed Frameworks */,
				148AE3512ABEFC33006E5411 /* DatabaseAbstraction.framework in Embed Frameworks */,
				147A2A502ABF0DCE0056A2A3 /* NetworkService.framework in Embed Frameworks */,
				148AE34F2ABEFC2B006E5411 /* CoreDataService.framework in Embed Frameworks */,
				148AE35E2ABEFC64006E5411 /* TicketsRepository.framework in Embed Frameworks */,
			);
			name = "Embed Frameworks";
			runOnlyForDeploymentPostprocessing = 0;
		};
/* End PBXCopyFilesBuildPhase section */

/* Begin PBXFileReference section */
		141563BF25F621B000B96C6A /* LocationUseCaseTests.swift */ = {isa = PBXFileReference; lastKnownFileType = sourcecode.swift; path = LocationUseCaseTests.swift; sourceTree = "<group>"; };
		1417C3AB2AC330D600AB086B /* LocationViewOutputProxyWithMetrics.swift */ = {isa = PBXFileReference; lastKnownFileType = sourcecode.swift; path = LocationViewOutputProxyWithMetrics.swift; sourceTree = "<group>"; };
		1421949A2ABF215A000A4F59 /* TicketsSearchInteractorOutputMainThreadProxy.swift */ = {isa = PBXFileReference; lastKnownFileType = sourcecode.swift; path = TicketsSearchInteractorOutputMainThreadProxy.swift; sourceTree = "<group>"; };
		142865CD25509648003D1930 /* SelectCountryAssembly.swift */ = {isa = PBXFileReference; lastKnownFileType = sourcecode.swift; path = SelectCountryAssembly.swift; sourceTree = "<group>"; };
		142865DA25509C4E003D1930 /* SelectCityViewController.swift */ = {isa = PBXFileReference; fileEncoding = 4; lastKnownFileType = sourcecode.swift; path = SelectCityViewController.swift; sourceTree = "<group>"; };
		142865DB25509C4E003D1930 /* SelectCityAssembly.swift */ = {isa = PBXFileReference; fileEncoding = 4; lastKnownFileType = sourcecode.swift; path = SelectCityAssembly.swift; sourceTree = "<group>"; };
		142865DC25509C4E003D1930 /* SelectCityInteractor.swift */ = {isa = PBXFileReference; fileEncoding = 4; lastKnownFileType = sourcecode.swift; path = SelectCityInteractor.swift; sourceTree = "<group>"; };
		142865E22551DB30003D1930 /* TicketsSearchViewController.swift */ = {isa = PBXFileReference; lastKnownFileType = sourcecode.swift; path = TicketsSearchViewController.swift; sourceTree = "<group>"; };
		142865E42551DBD9003D1930 /* TicketsSearchInteractor.swift */ = {isa = PBXFileReference; lastKnownFileType = sourcecode.swift; path = TicketsSearchInteractor.swift; sourceTree = "<group>"; };
		1438FF6B20F9FD29003CC7C2 /* SBTSwiftProject.app */ = {isa = PBXFileReference; explicitFileType = wrapper.application; includeInIndex = 0; path = SBTSwiftProject.app; sourceTree = BUILT_PRODUCTS_DIR; };
		1438FF6E20F9FD29003CC7C2 /* AppDelegate.swift */ = {isa = PBXFileReference; lastKnownFileType = sourcecode.swift; path = AppDelegate.swift; sourceTree = "<group>"; };
		1438FF7020F9FD29003CC7C2 /* LocationViewController.swift */ = {isa = PBXFileReference; lastKnownFileType = sourcecode.swift; path = LocationViewController.swift; sourceTree = "<group>"; };
		1438FF7820F9FD2B003CC7C2 /* Assets.xcassets */ = {isa = PBXFileReference; lastKnownFileType = folder.assetcatalog; path = Assets.xcassets; sourceTree = "<group>"; };
		1438FF8220F9FD2B003CC7C2 /* SBTSwiftProjectTests.xctest */ = {isa = PBXFileReference; explicitFileType = wrapper.cfbundle; includeInIndex = 0; path = SBTSwiftProjectTests.xctest; sourceTree = BUILT_PRODUCTS_DIR; };
		1438FF8620F9FD2B003CC7C2 /* SBTSwiftProjectTests.swift */ = {isa = PBXFileReference; lastKnownFileType = sourcecode.swift; path = SBTSwiftProjectTests.swift; sourceTree = "<group>"; };
		1438FF8820F9FD2B003CC7C2 /* Info.plist */ = {isa = PBXFileReference; lastKnownFileType = text.plist.xml; path = Info.plist; sourceTree = "<group>"; };
		143AE7482639D98800D49F03 /* TicketsSearchViewModel.swift */ = {isa = PBXFileReference; lastKnownFileType = sourcecode.swift; path = TicketsSearchViewModel.swift; sourceTree = "<group>"; };
		143AE74F263A9AA100D49F03 /* FlowCoordnator.swift */ = {isa = PBXFileReference; lastKnownFileType = sourcecode.swift; path = FlowCoordnator.swift; sourceTree = "<group>"; };
		143BA911263D9CE2002011EC /* TicketAssemblyProtocol.swift */ = {isa = PBXFileReference; lastKnownFileType = sourcecode.swift; path = TicketAssemblyProtocol.swift; sourceTree = "<group>"; };
		143BA915263D9D24002011EC /* TicketPresentationModel.swift */ = {isa = PBXFileReference; lastKnownFileType = sourcecode.swift; path = TicketPresentationModel.swift; sourceTree = "<group>"; };
		143BA919263DA05E002011EC /* TicketInteractor.swift */ = {isa = PBXFileReference; lastKnownFileType = sourcecode.swift; path = TicketInteractor.swift; sourceTree = "<group>"; };
		143BA91C263DAC5C002011EC /* LocationCoordinator.swift */ = {isa = PBXFileReference; lastKnownFileType = sourcecode.swift; path = LocationCoordinator.swift; sourceTree = "<group>"; };
		143BA91F263DAEF3002011EC /* Router.swift */ = {isa = PBXFileReference; lastKnownFileType = sourcecode.swift; path = Router.swift; sourceTree = "<group>"; };
		14402E34263DC90900D53200 /* TabBarCoordinator.swift */ = {isa = PBXFileReference; lastKnownFileType = sourcecode.swift; path = TabBarCoordinator.swift; sourceTree = "<group>"; };
		14402E38263DCB0E00D53200 /* TicketsSearchCoordinator.swift */ = {isa = PBXFileReference; lastKnownFileType = sourcecode.swift; path = TicketsSearchCoordinator.swift; sourceTree = "<group>"; };
		14402E3D263DCD9000D53200 /* TabBarCoordinatorAssembly.swift */ = {isa = PBXFileReference; lastKnownFileType = sourcecode.swift; path = TabBarCoordinatorAssembly.swift; sourceTree = "<group>"; };
		145191032569604800A5593E /* TicketViewController.swift */ = {isa = PBXFileReference; lastKnownFileType = sourcecode.swift; path = TicketViewController.swift; sourceTree = "<group>"; };
		145191072569608A00A5593E /* TicketView.swift */ = {isa = PBXFileReference; lastKnownFileType = sourcecode.swift; path = TicketView.swift; sourceTree = "<group>"; };
		1451910A2569684D00A5593E /* TicketAssembly.swift */ = {isa = PBXFileReference; lastKnownFileType = sourcecode.swift; path = TicketAssembly.swift; sourceTree = "<group>"; };
		1451911025697E8500A5593E /* TicketViewModel.swift */ = {isa = PBXFileReference; lastKnownFileType = sourcecode.swift; path = TicketViewModel.swift; sourceTree = "<group>"; };
		1478A08F2552BEA100C3633C /* TicketsSearchView.swift */ = {isa = PBXFileReference; lastKnownFileType = sourcecode.swift; path = TicketsSearchView.swift; sourceTree = "<group>"; };
		1478A0932552BF1C00C3633C /* TicketHeaderView.swift */ = {isa = PBXFileReference; lastKnownFileType = sourcecode.swift; path = TicketHeaderView.swift; sourceTree = "<group>"; };
		1478A0972552CF9500C3633C /* TicketsSearchAssembly.swift */ = {isa = PBXFileReference; lastKnownFileType = sourcecode.swift; path = TicketsSearchAssembly.swift; sourceTree = "<group>"; };
		1478A09D2552D9A900C3633C /* TicketsSearchDatePicker.swift */ = {isa = PBXFileReference; lastKnownFileType = sourcecode.swift; path = TicketsSearchDatePicker.swift; sourceTree = "<group>"; };
		1478A0A42552F30B00C3633C /* Date.swift */ = {isa = PBXFileReference; lastKnownFileType = sourcecode.swift; path = Date.swift; sourceTree = "<group>"; };
		147981AB254D9C1D00110A9B /* AppErrors.swift */ = {isa = PBXFileReference; lastKnownFileType = sourcecode.swift; path = AppErrors.swift; sourceTree = "<group>"; };
		147A2A352ABF068D0056A2A3 /* CoreDataServiceAssembly.swift */ = {isa = PBXFileReference; lastKnownFileType = sourcecode.swift; path = CoreDataServiceAssembly.swift; sourceTree = "<group>"; };
		147A2A4D2ABF0C2A0056A2A3 /* LocationRepositoriesAssembly.swift */ = {isa = PBXFileReference; lastKnownFileType = sourcecode.swift; path = LocationRepositoriesAssembly.swift; sourceTree = "<group>"; };
		147A2A532ABF11F50056A2A3 /* TicketsRepository+TicketsRepositoryProtocol.swift */ = {isa = PBXFileReference; lastKnownFileType = sourcecode.swift; path = "TicketsRepository+TicketsRepositoryProtocol.swift"; sourceTree = "<group>"; };
		147A2A582ABF16A90056A2A3 /* LocationInteractorOutputMainThreadProxy.swift */ = {isa = PBXFileReference; lastKnownFileType = sourcecode.swift; path = LocationInteractorOutputMainThreadProxy.swift; sourceTree = "<group>"; };
		1485DD5B2599197B009FFF7C /* SettingsView.swift */ = {isa = PBXFileReference; lastKnownFileType = sourcecode.swift; path = SettingsView.swift; sourceTree = "<group>"; };
		148AE10C2ABEDCBC006E5411 /* UserSettingsService.xcodeproj */ = {isa = PBXFileReference; lastKnownFileType = "wrapper.pb-project"; name = UserSettingsService.xcodeproj; path = Components/UserSettingsService/UserSettingsService.xcodeproj; sourceTree = "<group>"; };
		148AE13B2ABEDDBA006E5411 /* NetworkService.xcodeproj */ = {isa = PBXFileReference; lastKnownFileType = "wrapper.pb-project"; name = NetworkService.xcodeproj; path = Components/NetworkService/NetworkService.xcodeproj; sourceTree = "<group>"; };
		148AE1722ABEDF28006E5411 /* UserSettingsRepository.xcodeproj */ = {isa = PBXFileReference; lastKnownFileType = "wrapper.pb-project"; name = UserSettingsRepository.xcodeproj; path = Components/UserSettingsRepository/UserSettingsRepository.xcodeproj; sourceTree = "<group>"; };
		148AE1A82ABEE1E5006E5411 /* LocationRespository.xcodeproj */ = {isa = PBXFileReference; lastKnownFileType = "wrapper.pb-project"; name = LocationRespository.xcodeproj; path = Components/LocationRespository/LocationRespository.xcodeproj; sourceTree = "<group>"; };
		148AE1EF2ABEE2CB006E5411 /* NetworkingAbstractions.xcodeproj */ = {isa = PBXFileReference; lastKnownFileType = "wrapper.pb-project"; name = NetworkingAbstractions.xcodeproj; path = Components/LocationRespository/../NetworkingAbstractions/NetworkingAbstractions.xcodeproj; sourceTree = "<group>"; };
		148AE21C2ABEE36C006E5411 /* LocationDomain.xcodeproj */ = {isa = PBXFileReference; lastKnownFileType = "wrapper.pb-project"; name = LocationDomain.xcodeproj; path = Components/LocationDomain/LocationDomain.xcodeproj; sourceTree = "<group>"; };
		148AE2AA2ABEE7CE006E5411 /* NetworkingAbstractions.xcodeproj */ = {isa = PBXFileReference; lastKnownFileType = "wrapper.pb-project"; name = NetworkingAbstractions.xcodeproj; path = Components/NetworkingAbstractions/NetworkingAbstractions.xcodeproj; sourceTree = "<group>"; };
		148AE2B32ABEE7E0006E5411 /* LocationDomainModels.xcodeproj */ = {isa = PBXFileReference; lastKnownFileType = "wrapper.pb-project"; name = LocationDomainModels.xcodeproj; path = Components/LocationDomainModels/LocationDomainModels.xcodeproj; sourceTree = "<group>"; };
		148AE2E82ABEEA3F006E5411 /* DatabaseAbstraction.xcodeproj */ = {isa = PBXFileReference; lastKnownFileType = "wrapper.pb-project"; name = DatabaseAbstraction.xcodeproj; path = Components/DatabaseAbstraction/DatabaseAbstraction.xcodeproj; sourceTree = "<group>"; };
		148AE3082ABEEA9A006E5411 /* CoreDataService.xcodeproj */ = {isa = PBXFileReference; lastKnownFileType = "wrapper.pb-project"; name = CoreDataService.xcodeproj; path = Components/CoreDataService/CoreDataService.xcodeproj; sourceTree = "<group>"; };
		148AE3442ABEEC75006E5411 /* TicketsRepository.xcodeproj */ = {isa = PBXFileReference; lastKnownFileType = "wrapper.pb-project"; name = TicketsRepository.xcodeproj; path = Components/TicketsRepository/TicketsRepository.xcodeproj; sourceTree = "<group>"; };
		14977A892ABF67470051DF74 /* NetworkServiceWithLogs.swift */ = {isa = PBXFileReference; lastKnownFileType = sourcecode.swift; path = NetworkServiceWithLogs.swift; sourceTree = "<group>"; };
		14977AA22ABF68F70051DF74 /* Logger+Categories.swift */ = {isa = PBXFileReference; lastKnownFileType = sourcecode.swift; path = "Logger+Categories.swift"; sourceTree = "<group>"; };
		14AE5AE225443B7300548B1D /* Launch Screen.storyboard */ = {isa = PBXFileReference; lastKnownFileType = file.storyboard; path = "Launch Screen.storyboard"; sourceTree = "<group>"; };
		14AE5AE725447E4600548B1D /* LocationInteractor.swift */ = {isa = PBXFileReference; lastKnownFileType = sourcecode.swift; path = LocationInteractor.swift; sourceTree = "<group>"; };
		14AE5AE92544801D00548B1D /* LocationView.swift */ = {isa = PBXFileReference; lastKnownFileType = sourcecode.swift; path = LocationView.swift; sourceTree = "<group>"; };
		14AE5AEB2544899800548B1D /* LocationAssembly.swift */ = {isa = PBXFileReference; lastKnownFileType = sourcecode.swift; path = LocationAssembly.swift; sourceTree = "<group>"; };
		14B4A5F12545923C00BFC583 /* Inject.framework */ = {isa = PBXFileReference; lastKnownFileType = wrapper.framework; name = Inject.framework; path = ../Carthage/Build/iOS/Inject.framework; sourceTree = "<group>"; };
		14B4A5F52545933F00BFC583 /* Inject.framework */ = {isa = PBXFileReference; lastKnownFileType = wrapper.framework; name = Inject.framework; path = Carthage/Build/iOS/Inject.framework; sourceTree = "<group>"; };
		14C60EB925F62443007455BF /* LocationRepositorySpy_one.swift */ = {isa = PBXFileReference; lastKnownFileType = sourcecode.swift; path = LocationRepositorySpy_one.swift; sourceTree = "<group>"; };
		14CD687A263EE631009A92F0 /* CoordinationComposer.swift */ = {isa = PBXFileReference; lastKnownFileType = sourcecode.swift; path = CoordinationComposer.swift; sourceTree = "<group>"; };
		14CD6884263EFD45009A92F0 /* TicketCoordinator.swift */ = {isa = PBXFileReference; lastKnownFileType = sourcecode.swift; path = TicketCoordinator.swift; sourceTree = "<group>"; };
		14CDC80E25E25E6D003CA021 /* GetCitiesUseCaseTests.swift */ = {isa = PBXFileReference; lastKnownFileType = sourcecode.swift; path = GetCitiesUseCaseTests.swift; sourceTree = "<group>"; };
		14D1A23220FB380000BD1DC1 /* Info.plist */ = {isa = PBXFileReference; fileEncoding = 4; lastKnownFileType = text.plist.xml; path = Info.plist; sourceTree = "<group>"; };
		14D634C725506A1200FF7D37 /* AlertControllerAssembly.swift */ = {isa = PBXFileReference; lastKnownFileType = sourcecode.swift; path = AlertControllerAssembly.swift; sourceTree = "<group>"; };
		14D634CC2550756900FF7D37 /* SelectCountryViewController.swift */ = {isa = PBXFileReference; lastKnownFileType = sourcecode.swift; path = SelectCountryViewController.swift; sourceTree = "<group>"; };
		14D634CE255075B300FF7D37 /* SelectCountryInteractor.swift */ = {isa = PBXFileReference; lastKnownFileType = sourcecode.swift; path = SelectCountryInteractor.swift; sourceTree = "<group>"; };
		14E2521525E25FF80073C50C /* LocationRepositorySpy.swift */ = {isa = PBXFileReference; lastKnownFileType = sourcecode.swift; path = LocationRepositorySpy.swift; sourceTree = "<group>"; };
		14E8A91C2ABC2B7200FA219D /* TicketsDomain.xcodeproj */ = {isa = PBXFileReference; lastKnownFileType = "wrapper.pb-project"; name = TicketsDomain.xcodeproj; path = Components/TicketsDomain/TicketsDomain.xcodeproj; sourceTree = "<group>"; };
		14E8A9CE2ABC359A00FA219D /* DomainAbstractions.xcodeproj */ = {isa = PBXFileReference; lastKnownFileType = "wrapper.pb-project"; name = DomainAbstractions.xcodeproj; path = Components/DomainAbstractions/DomainAbstractions.xcodeproj; sourceTree = "<group>"; };
		14EA9E65263DD94A0037DFAE /* LocationCoordinatorAssembly.swift */ = {isa = PBXFileReference; lastKnownFileType = sourcecode.swift; path = LocationCoordinatorAssembly.swift; sourceTree = "<group>"; };
		14EA9E6A263E9E1E0037DFAE /* SelectCityCoordinator.swift */ = {isa = PBXFileReference; lastKnownFileType = sourcecode.swift; path = SelectCityCoordinator.swift; sourceTree = "<group>"; };
		14EA9E6F263EA21A0037DFAE /* SelectCityCoordinatorAssembly.swift */ = {isa = PBXFileReference; lastKnownFileType = sourcecode.swift; path = SelectCityCoordinatorAssembly.swift; sourceTree = "<group>"; };
		14EA9E72263EA4DD0037DFAE /* SelectCountryCoordinator.swift */ = {isa = PBXFileReference; lastKnownFileType = sourcecode.swift; path = SelectCountryCoordinator.swift; sourceTree = "<group>"; };
		14EA9E78263EA81B0037DFAE /* SettingsCoordinator.swift */ = {isa = PBXFileReference; lastKnownFileType = sourcecode.swift; path = SettingsCoordinator.swift; sourceTree = "<group>"; };
		14EA9E7C263EA9DE0037DFAE /* SettingsCoordinatorAssemby.swift */ = {isa = PBXFileReference; lastKnownFileType = sourcecode.swift; path = SettingsCoordinatorAssemby.swift; sourceTree = "<group>"; };
		14EA9E82263ECE840037DFAE /* AppComposer.swift */ = {isa = PBXFileReference; lastKnownFileType = sourcecode.swift; path = AppComposer.swift; sourceTree = "<group>"; };
		14EA9E86263EDA040037DFAE /* ServiceLayerComposer.swift */ = {isa = PBXFileReference; lastKnownFileType = sourcecode.swift; path = ServiceLayerComposer.swift; sourceTree = "<group>"; };
		14EA9E8A263EDAA30037DFAE /* DataLayerComposer.swift */ = {isa = PBXFileReference; lastKnownFileType = sourcecode.swift; path = DataLayerComposer.swift; sourceTree = "<group>"; };
		14EA9E8D263EDD990037DFAE /* DomainLayerComposer.swift */ = {isa = PBXFileReference; lastKnownFileType = sourcecode.swift; path = DomainLayerComposer.swift; sourceTree = "<group>"; };
		14EA9E90263EE2240037DFAE /* PresentationLayerComposer.swift */ = {isa = PBXFileReference; lastKnownFileType = sourcecode.swift; path = PresentationLayerComposer.swift; sourceTree = "<group>"; };
		14ECFD562556913E00FBFC62 /* SettingsViewController.swift */ = {isa = PBXFileReference; lastKnownFileType = sourcecode.swift; path = SettingsViewController.swift; sourceTree = "<group>"; };
		14ECFD592556918900FBFC62 /* SettingsAssembly.swift */ = {isa = PBXFileReference; lastKnownFileType = sourcecode.swift; path = SettingsAssembly.swift; sourceTree = "<group>"; };
		14ECFD602556A58100FBFC62 /* TicketTableViewCell.swift */ = {isa = PBXFileReference; lastKnownFileType = sourcecode.swift; path = TicketTableViewCell.swift; sourceTree = "<group>"; };
		14F78D19254DFF7D0043C6DA /* LocationViewModel.swift */ = {isa = PBXFileReference; lastKnownFileType = sourcecode.swift; path = LocationViewModel.swift; sourceTree = "<group>"; };
/* End PBXFileReference section */

/* Begin PBXFrameworksBuildPhase section */
		1438FF6820F9FD29003CC7C2 /* Frameworks */ = {
			isa = PBXFrameworksBuildPhase;
			buildActionMask = 2147483647;
			files = (
				147A2A4F2ABF0DCE0056A2A3 /* NetworkService.framework in Frameworks */,
				14E8A9252ABC2B9500FA219D /* TicketsDomain.framework in Frameworks */,
				148AE3582ABEFC46006E5411 /* LocationRespository.framework in Frameworks */,
				148AE3592ABEFC4C006E5411 /* UserSettingsService.framework in Frameworks */,
				148AE3542ABEFC3D006E5411 /* LocationDomain.framework in Frameworks */,
				148AE35D2ABEFC64006E5411 /* TicketsRepository.framework in Frameworks */,
				148AE3522ABEFC38006E5411 /* DomainAbstractions.framework in Frameworks */,
				148AE3502ABEFC33006E5411 /* DatabaseAbstraction.framework in Frameworks */,
				148AE35B2ABEFC55006E5411 /* UserSettingsRepository.framework in Frameworks */,
				148AE34E2ABEFC2B006E5411 /* CoreDataService.framework in Frameworks */,
			);
			runOnlyForDeploymentPostprocessing = 0;
		};
		1438FF7F20F9FD2B003CC7C2 /* Frameworks */ = {
			isa = PBXFrameworksBuildPhase;
			buildActionMask = 2147483647;
			files = (
			);
			runOnlyForDeploymentPostprocessing = 0;
		};
/* End PBXFrameworksBuildPhase section */

/* Begin PBXGroup section */
		1405C85F2AC49D21005B06CD /* PresentstionLayer */ = {
			isa = PBXGroup;
			children = (
				14EA9E90263EE2240037DFAE /* PresentationLayerComposer.swift */,
				1405C8762AC49DD0005B06CD /* ScreensAssemblies */,
			);
			path = PresentstionLayer;
			sourceTree = "<group>";
		};
		1405C8762AC49DD0005B06CD /* ScreensAssemblies */ = {
			isa = PBXGroup;
			children = (
				14AE5AEB2544899800548B1D /* LocationAssembly.swift */,
				142865DB25509C4E003D1930 /* SelectCityAssembly.swift */,
				142865CD25509648003D1930 /* SelectCountryAssembly.swift */,
				14ECFD592556918900FBFC62 /* SettingsAssembly.swift */,
				1451910A2569684D00A5593E /* TicketAssembly.swift */,
				1478A0972552CF9500C3633C /* TicketsSearchAssembly.swift */,
			);
			path = ScreensAssemblies;
			sourceTree = "<group>";
		};
		1405C8772AC49E37005B06CD /* CoordinationLayer */ = {
			isa = PBXGroup;
			children = (
				14CD687A263EE631009A92F0 /* CoordinationComposer.swift */,
				14EA9E7C263EA9DE0037DFAE /* SettingsCoordinatorAssemby.swift */,
				14EA9E6F263EA21A0037DFAE /* SelectCityCoordinatorAssembly.swift */,
				14402E3D263DCD9000D53200 /* TabBarCoordinatorAssembly.swift */,
				14EA9E65263DD94A0037DFAE /* LocationCoordinatorAssembly.swift */,
			);
			path = CoordinationLayer;
			sourceTree = "<group>";
		};
		141563C225F6225500B96C6A /* Location */ = {
			isa = PBXGroup;
			children = (
				141563BF25F621B000B96C6A /* LocationUseCaseTests.swift */,
				14C60EB825F623DE007455BF /* Mock */,
			);
			path = Location;
			sourceTree = "<group>";
		};
		1417C3942AC3306B00AB086B /* Metrics */ = {
			isa = PBXGroup;
			children = (
				1417C3AB2AC330D600AB086B /* LocationViewOutputProxyWithMetrics.swift */,
			);
			path = Metrics;
			sourceTree = "<group>";
		};
		142194992ABF214A000A4F59 /* Tickets */ = {
			isa = PBXGroup;
			children = (
				1421949A2ABF215A000A4F59 /* TicketsSearchInteractorOutputMainThreadProxy.swift */,
			);
			path = Tickets;
			sourceTree = "<group>";
		};
		142865D325509C1E003D1930 /* SelectCity */ = {
			isa = PBXGroup;
			children = (
				142865DA25509C4E003D1930 /* SelectCityViewController.swift */,
				142865DC25509C4E003D1930 /* SelectCityInteractor.swift */,
			);
			path = SelectCity;
			sourceTree = "<group>";
		};
		1438FF6220F9FD29003CC7C2 = {
			isa = PBXGroup;
			children = (
				148AE3082ABEEA9A006E5411 /* CoreDataService.xcodeproj */,
				148AE13B2ABEDDBA006E5411 /* NetworkService.xcodeproj */,
				148AE2E82ABEEA3F006E5411 /* DatabaseAbstraction.xcodeproj */,
				148AE1EF2ABEE2CB006E5411 /* NetworkingAbstractions.xcodeproj */,
				148AE1A82ABEE1E5006E5411 /* LocationRespository.xcodeproj */,
				148AE3442ABEEC75006E5411 /* TicketsRepository.xcodeproj */,
				148AE1722ABEDF28006E5411 /* UserSettingsRepository.xcodeproj */,
				148AE10C2ABEDCBC006E5411 /* UserSettingsService.xcodeproj */,
				148AE2AA2ABEE7CE006E5411 /* NetworkingAbstractions.xcodeproj */,
				14E8A91C2ABC2B7200FA219D /* TicketsDomain.xcodeproj */,
				148AE2B32ABEE7E0006E5411 /* LocationDomainModels.xcodeproj */,
				148AE21C2ABEE36C006E5411 /* LocationDomain.xcodeproj */,
				14E8A9CE2ABC359A00FA219D /* DomainAbstractions.xcodeproj */,
				14AE5AE225443B7300548B1D /* Launch Screen.storyboard */,
				1438FF6D20F9FD29003CC7C2 /* SBTSwiftProject */,
				1438FF8520F9FD2B003CC7C2 /* SBTSwiftProjectTests */,
				1438FF6C20F9FD29003CC7C2 /* Products */,
				14B4A5F02545923C00BFC583 /* Frameworks */,
			);
			sourceTree = "<group>";
		};
		1438FF6C20F9FD29003CC7C2 /* Products */ = {
			isa = PBXGroup;
			children = (
				1438FF6B20F9FD29003CC7C2 /* SBTSwiftProject.app */,
				1438FF8220F9FD2B003CC7C2 /* SBTSwiftProjectTests.xctest */,
			);
			name = Products;
			sourceTree = "<group>";
		};
		1438FF6D20F9FD29003CC7C2 /* SBTSwiftProject */ = {
			isa = PBXGroup;
			children = (
				14CD6888263F0873009A92F0 /* AppDelegate */,
				147A2A552ABF16530056A2A3 /* Instruments */,
				14EA9E80263EAB040037DFAE /* Layers */,
				14EA9E81263EAB110037DFAE /* Composition */,
				1438FF7820F9FD2B003CC7C2 /* Assets.xcassets */,
				14D1A23220FB380000BD1DC1 /* Info.plist */,
			);
			path = SBTSwiftProject;
			sourceTree = "<group>";
		};
		1438FF8520F9FD2B003CC7C2 /* SBTSwiftProjectTests */ = {
			isa = PBXGroup;
			children = (
				1438FF8620F9FD2B003CC7C2 /* SBTSwiftProjectTests.swift */,
				14CDC81125E25E71003CA021 /* Domain */,
				1438FF8820F9FD2B003CC7C2 /* Info.plist */,
			);
			path = SBTSwiftProjectTests;
			sourceTree = "<group>";
		};
		143AE74C2639D98F00D49F03 /* Models */ = {
			isa = PBXGroup;
			children = (
				143AE7482639D98800D49F03 /* TicketsSearchViewModel.swift */,
			);
			path = Models;
			sourceTree = "<group>";
		};
		143AE74E263A9A8100D49F03 /* CoordinationLayer */ = {
			isa = PBXGroup;
			children = (
				14EA9E7B263EA98E0037DFAE /* Abstractions */,
				14EA9E76263EA66B0037DFAE /* SettingsCoordinator */,
				14EA9E6E263EA1A90037DFAE /* SelectCountryCoordinator */,
				14EA9E69263E9DEF0037DFAE /* SelectCityCoordinator */,
				14CD6883263EFC67009A92F0 /* TicketCoordinator */,
				14402E37263DCADD00D53200 /* TicketsSearchCoordinator */,
				14402E40263DCDCD00D53200 /* TabBarCoordinator */,
				143BA922263DB017002011EC /* Location */,
			);
			path = CoordinationLayer;
			sourceTree = "<group>";
		};
		143BA910263D9CC0002011EC /* Abstractions */ = {
			isa = PBXGroup;
			children = (
				143BA911263D9CE2002011EC /* TicketAssemblyProtocol.swift */,
				143BA915263D9D24002011EC /* TicketPresentationModel.swift */,
			);
			path = Abstractions;
			sourceTree = "<group>";
		};
		143BA922263DB017002011EC /* Location */ = {
			isa = PBXGroup;
			children = (
				143BA91C263DAC5C002011EC /* LocationCoordinator.swift */,
			);
			path = Location;
			sourceTree = "<group>";
		};
		14402E37263DCADD00D53200 /* TicketsSearchCoordinator */ = {
			isa = PBXGroup;
			children = (
				14402E38263DCB0E00D53200 /* TicketsSearchCoordinator.swift */,
			);
			path = TicketsSearchCoordinator;
			sourceTree = "<group>";
		};
		14402E40263DCDCD00D53200 /* TabBarCoordinator */ = {
			isa = PBXGroup;
			children = (
				14402E34263DC90900D53200 /* TabBarCoordinator.swift */,
			);
			path = TabBarCoordinator;
			sourceTree = "<group>";
		};
		145191022569601A00A5593E /* Ticket */ = {
			isa = PBXGroup;
			children = (
				143BA910263D9CC0002011EC /* Abstractions */,
				1451910F25697E7100A5593E /* Models */,
				145191032569604800A5593E /* TicketViewController.swift */,
				143BA919263DA05E002011EC /* TicketInteractor.swift */,
				145191072569608A00A5593E /* TicketView.swift */,
			);
			path = Ticket;
			sourceTree = "<group>";
		};
		1451910F25697E7100A5593E /* Models */ = {
			isa = PBXGroup;
			children = (
				1451911025697E8500A5593E /* TicketViewModel.swift */,
			);
			path = Models;
			sourceTree = "<group>";
		};
		1451A331254422BB00ACFC6E /* Location */ = {
			isa = PBXGroup;
			children = (
				14AE5AE725447E4600548B1D /* LocationInteractor.swift */,
				1438FF7020F9FD29003CC7C2 /* LocationViewController.swift */,
				14F78D19254DFF7D0043C6DA /* LocationViewModel.swift */,
				14AE5AE92544801D00548B1D /* LocationView.swift */,
			);
			path = Location;
			sourceTree = "<group>";
		};
		1478A0922552BEAF00C3633C /* Views */ = {
			isa = PBXGroup;
			children = (
				1478A0932552BF1C00C3633C /* TicketHeaderView.swift */,
				1478A09D2552D9A900C3633C /* TicketsSearchDatePicker.swift */,
				14ECFD5F2556A56200FBFC62 /* Cells */,
			);
			path = Views;
			sourceTree = "<group>";
		};
		1478A0A32552F2FB00C3633C /* Extentions */ = {
			isa = PBXGroup;
			children = (
				1478A0A42552F30B00C3633C /* Date.swift */,
			);
			path = Extentions;
			sourceTree = "<group>";
		};
		147A2A552ABF16530056A2A3 /* Instruments */ = {
			isa = PBXGroup;
			children = (
				1417C3942AC3306B00AB086B /* Metrics */,
				147A2A562ABF16640056A2A3 /* Multithreading */,
				14977AA12ABF67540051DF74 /* Logging */,
			);
			path = Instruments;
			sourceTree = "<group>";
		};
		147A2A562ABF16640056A2A3 /* Multithreading */ = {
			isa = PBXGroup;
			children = (
				142194992ABF214A000A4F59 /* Tickets */,
				147A2A572ABF16950056A2A3 /* Location */,
			);
			path = Multithreading;
			sourceTree = "<group>";
		};
		147A2A572ABF16950056A2A3 /* Location */ = {
			isa = PBXGroup;
			children = (
				147A2A582ABF16A90056A2A3 /* LocationInteractorOutputMainThreadProxy.swift */,
			);
			path = Location;
			sourceTree = "<group>";
		};
		147D5A3A25442EBE00F90BA2 /* DataLayer */ = {
			isa = PBXGroup;
			children = (
				14EA9E8A263EDAA30037DFAE /* DataLayerComposer.swift */,
				147A2A532ABF11F50056A2A3 /* TicketsRepository+TicketsRepositoryProtocol.swift */,
				147A2A4D2ABF0C2A0056A2A3 /* LocationRepositoriesAssembly.swift */,
			);
			path = DataLayer;
			sourceTree = "<group>";
		};
		148AE10D2ABEDCBC006E5411 /* Products */ = {
			isa = PBXGroup;
			children = (
				148AE1122ABEDCBC006E5411 /* UserSettingsService.framework */,
				148AE1142ABEDCBC006E5411 /* UserSettingsServiceTests.xctest */,
			);
			name = Products;
			sourceTree = "<group>";
		};
		148AE13C2ABEDDBA006E5411 /* Products */ = {
			isa = PBXGroup;
			children = (
				148AE1412ABEDDBB006E5411 /* NetworkService.framework */,
				148AE1432ABEDDBB006E5411 /* NetworkServiceTests.xctest */,
			);
			name = Products;
			sourceTree = "<group>";
		};
		148AE1732ABEDF28006E5411 /* Products */ = {
			isa = PBXGroup;
			children = (
				148AE1782ABEDF28006E5411 /* UserSettingsRepository.framework */,
				148AE17A2ABEDF28006E5411 /* UserSettingsRepositoryTests.xctest */,
			);
			name = Products;
			sourceTree = "<group>";
		};
		148AE1A92ABEE1E5006E5411 /* Products */ = {
			isa = PBXGroup;
			children = (
				148AE1AE2ABEE1E5006E5411 /* LocationRespository.framework */,
				148AE1B02ABEE1E5006E5411 /* LocationRespositoryTests.xctest */,
			);
			name = Products;
			sourceTree = "<group>";
		};
		148AE1F02ABEE2CB006E5411 /* Products */ = {
			isa = PBXGroup;
			children = (
				148AE1F52ABEE2CB006E5411 /* NetworkingAbstractions.framework */,
				148AE1F72ABEE2CB006E5411 /* NetworkingAbstractionsTests.xctest */,
			);
			name = Products;
			sourceTree = "<group>";
		};
		148AE21D2ABEE36C006E5411 /* Products */ = {
			isa = PBXGroup;
			children = (
				148AE2222ABEE36C006E5411 /* LocationDomain.framework */,
				148AE2242ABEE36C006E5411 /* LocationDomainTests.xctest */,
			);
			name = Products;
			sourceTree = "<group>";
		};
		148AE2AB2ABEE7CE006E5411 /* Products */ = {
			isa = PBXGroup;
			children = (
				148AE2B02ABEE7CE006E5411 /* NetworkingAbstractions.framework */,
				148AE2B22ABEE7CE006E5411 /* NetworkingAbstractionsTests.xctest */,
			);
			name = Products;
			sourceTree = "<group>";
		};
		148AE2B42ABEE7E0006E5411 /* Products */ = {
			isa = PBXGroup;
			children = (
				148AE2B92ABEE7E0006E5411 /* LocationDomainModels.framework */,
				148AE2BB2ABEE7E0006E5411 /* LocationDomainModelsTests.xctest */,
			);
			name = Products;
			sourceTree = "<group>";
		};
		148AE2E92ABEEA3F006E5411 /* Products */ = {
			isa = PBXGroup;
			children = (
				148AE2ED2ABEEA3F006E5411 /* DatabaseAbstraction.framework */,
			);
			name = Products;
			sourceTree = "<group>";
		};
		148AE3092ABEEA9A006E5411 /* Products */ = {
			isa = PBXGroup;
			children = (
				148AE30D2ABEEA9B006E5411 /* CoreDataService.framework */,
			);
			name = Products;
			sourceTree = "<group>";
		};
		148AE3452ABEEC75006E5411 /* Products */ = {
			isa = PBXGroup;
			children = (
				148AE3492ABEEC76006E5411 /* TicketsRepository.framework */,
			);
			name = Products;
			sourceTree = "<group>";
		};
		14977AA12ABF67540051DF74 /* Logging */ = {
			isa = PBXGroup;
			children = (
				14977A892ABF67470051DF74 /* NetworkServiceWithLogs.swift */,
				14977AA22ABF68F70051DF74 /* Logger+Categories.swift */,
			);
			path = Logging;
			sourceTree = "<group>";
		};
		14AE5AE625447A3000548B1D /* DomainLayer */ = {
			isa = PBXGroup;
			children = (
				14EA9E8D263EDD990037DFAE /* DomainLayerComposer.swift */,
			);
			path = DomainLayer;
			sourceTree = "<group>";
		};
		14B4A5F02545923C00BFC583 /* Frameworks */ = {
			isa = PBXGroup;
			children = (
				14B4A5F52545933F00BFC583 /* Inject.framework */,
				14B4A5F12545923C00BFC583 /* Inject.framework */,
			);
			name = Frameworks;
			sourceTree = "<group>";
		};
		14B4A5F92545945E00BFC583 /* PresentationLayer */ = {
			isa = PBXGroup;
			children = (
				14D634C62550695C00FF7D37 /* Alert */,
				14D634CB255074A500FF7D37 /* SelectCountry */,
				142865D325509C1E003D1930 /* SelectCity */,
				14ECFD542555DEF300FBFC62 /* Settings */,
				145191022569601A00A5593E /* Ticket */,
				14F78D18254DFA090043C6DA /* TicketsSearch */,
				1451A331254422BB00ACFC6E /* Location */,
			);
			path = PresentationLayer;
			sourceTree = "<group>";
		};
		14C60EB825F623DE007455BF /* Mock */ = {
			isa = PBXGroup;
			children = (
				14C60EB925F62443007455BF /* LocationRepositorySpy_one.swift */,
			);
			path = Mock;
			sourceTree = "<group>";
		};
		14CD6883263EFC67009A92F0 /* TicketCoordinator */ = {
			isa = PBXGroup;
			children = (
				14CD6884263EFD45009A92F0 /* TicketCoordinator.swift */,
			);
			path = TicketCoordinator;
			sourceTree = "<group>";
		};
		14CD6888263F0873009A92F0 /* AppDelegate */ = {
			isa = PBXGroup;
			children = (
				1438FF6E20F9FD29003CC7C2 /* AppDelegate.swift */,
			);
			path = AppDelegate;
			sourceTree = "<group>";
		};
		14CD8B7E2544241B00134D82 /* ServiceLayer */ = {
			isa = PBXGroup;
			children = (
				14EA9E86263EDA040037DFAE /* ServiceLayerComposer.swift */,
				147A2A352ABF068D0056A2A3 /* CoreDataServiceAssembly.swift */,
				147981AB254D9C1D00110A9B /* AppErrors.swift */,
			);
			path = ServiceLayer;
			sourceTree = "<group>";
		};
		14CDC81125E25E71003CA021 /* Domain */ = {
			isa = PBXGroup;
			children = (
				141563C225F6225500B96C6A /* Location */,
				14CDC80E25E25E6D003CA021 /* GetCitiesUseCaseTests.swift */,
				14E2521525E25FF80073C50C /* LocationRepositorySpy.swift */,
			);
			path = Domain;
			sourceTree = "<group>";
		};
		14D634C62550695C00FF7D37 /* Alert */ = {
			isa = PBXGroup;
			children = (
				14D634C725506A1200FF7D37 /* AlertControllerAssembly.swift */,
			);
			path = Alert;
			sourceTree = "<group>";
		};
		14D634CB255074A500FF7D37 /* SelectCountry */ = {
			isa = PBXGroup;
			children = (
				14D634CC2550756900FF7D37 /* SelectCountryViewController.swift */,
				14D634CE255075B300FF7D37 /* SelectCountryInteractor.swift */,
			);
			path = SelectCountry;
			sourceTree = "<group>";
		};
		14E8A91D2ABC2B7200FA219D /* Products */ = {
			isa = PBXGroup;
			children = (
				14E8A9222ABC2B7200FA219D /* TicketsDomain.framework */,
				14E8A9242ABC2B7200FA219D /* TicketsDomainTests.xctest */,
			);
			name = Products;
			sourceTree = "<group>";
		};
		14E8A9CF2ABC359A00FA219D /* Products */ = {
			isa = PBXGroup;
			children = (
				14E8A9D42ABC359A00FA219D /* DomainAbstractions.framework */,
			);
			name = Products;
			sourceTree = "<group>";
		};
		14EA9E69263E9DEF0037DFAE /* SelectCityCoordinator */ = {
			isa = PBXGroup;
			children = (
				14EA9E6A263E9E1E0037DFAE /* SelectCityCoordinator.swift */,
			);
			path = SelectCityCoordinator;
			sourceTree = "<group>";
		};
		14EA9E6E263EA1A90037DFAE /* SelectCountryCoordinator */ = {
			isa = PBXGroup;
			children = (
				14EA9E72263EA4DD0037DFAE /* SelectCountryCoordinator.swift */,
			);
			path = SelectCountryCoordinator;
			sourceTree = "<group>";
		};
		14EA9E76263EA66B0037DFAE /* SettingsCoordinator */ = {
			isa = PBXGroup;
			children = (
				14EA9E78263EA81B0037DFAE /* SettingsCoordinator.swift */,
			);
			path = SettingsCoordinator;
			sourceTree = "<group>";
		};
		14EA9E7B263EA98E0037DFAE /* Abstractions */ = {
			isa = PBXGroup;
			children = (
				143BA91F263DAEF3002011EC /* Router.swift */,
				143AE74F263A9AA100D49F03 /* FlowCoordnator.swift */,
			);
			path = Abstractions;
			sourceTree = "<group>";
		};
		14EA9E80263EAB040037DFAE /* Layers */ = {
			isa = PBXGroup;
			children = (
				14B4A5F92545945E00BFC583 /* PresentationLayer */,
				143AE74E263A9A8100D49F03 /* CoordinationLayer */,
			);
			path = Layers;
			sourceTree = "<group>";
		};
		14EA9E81263EAB110037DFAE /* Composition */ = {
			isa = PBXGroup;
			children = (
				14CD8B7E2544241B00134D82 /* ServiceLayer */,
				147D5A3A25442EBE00F90BA2 /* DataLayer */,
				14AE5AE625447A3000548B1D /* DomainLayer */,
				1405C85F2AC49D21005B06CD /* PresentstionLayer */,
				1405C8772AC49E37005B06CD /* CoordinationLayer */,
				14EA9E82263ECE840037DFAE /* AppComposer.swift */,
			);
			path = Composition;
			sourceTree = "<group>";
		};
		14ECFD542555DEF300FBFC62 /* Settings */ = {
			isa = PBXGroup;
			children = (
				14ECFD562556913E00FBFC62 /* SettingsViewController.swift */,
				1485DD5B2599197B009FFF7C /* SettingsView.swift */,
			);
			path = Settings;
			sourceTree = "<group>";
		};
		14ECFD5F2556A56200FBFC62 /* Cells */ = {
			isa = PBXGroup;
			children = (
				14ECFD602556A58100FBFC62 /* TicketTableViewCell.swift */,
			);
			path = Cells;
			sourceTree = "<group>";
		};
		14F78D18254DFA090043C6DA /* TicketsSearch */ = {
			isa = PBXGroup;
			children = (
				142865E22551DB30003D1930 /* TicketsSearchViewController.swift */,
				142865E42551DBD9003D1930 /* TicketsSearchInteractor.swift */,
				1478A08F2552BEA100C3633C /* TicketsSearchView.swift */,
				143AE74C2639D98F00D49F03 /* Models */,
				1478A0A32552F2FB00C3633C /* Extentions */,
				1478A0922552BEAF00C3633C /* Views */,
			);
			path = TicketsSearch;
			sourceTree = "<group>";
		};
/* End PBXGroup section */

/* Begin PBXNativeTarget section */
		1438FF6A20F9FD29003CC7C2 /* SBTSwiftProject */ = {
			isa = PBXNativeTarget;
			buildConfigurationList = 1438FF8B20F9FD2B003CC7C2 /* Build configuration list for PBXNativeTarget "SBTSwiftProject" */;
			buildPhases = (
				1438FF6720F9FD29003CC7C2 /* Sources */,
				1438FF6820F9FD29003CC7C2 /* Frameworks */,
				1438FF6920F9FD29003CC7C2 /* Resources */,
				14E8A9272ABC2B9500FA219D /* Embed Frameworks */,
			);
			buildRules = (
			);
			dependencies = (
			);
			name = SBTSwiftProject;
			packageProductDependencies = (
			);
			productName = SBTSwiftProject;
			productReference = 1438FF6B20F9FD29003CC7C2 /* SBTSwiftProject.app */;
			productType = "com.apple.product-type.application";
		};
		1438FF8120F9FD2B003CC7C2 /* SBTSwiftProjectTests */ = {
			isa = PBXNativeTarget;
			buildConfigurationList = 1438FF8E20F9FD2B003CC7C2 /* Build configuration list for PBXNativeTarget "SBTSwiftProjectTests" */;
			buildPhases = (
				1438FF7E20F9FD2B003CC7C2 /* Sources */,
				1438FF7F20F9FD2B003CC7C2 /* Frameworks */,
				1438FF8020F9FD2B003CC7C2 /* Resources */,
			);
			buildRules = (
			);
			dependencies = (
				1438FF8420F9FD2B003CC7C2 /* PBXTargetDependency */,
			);
			name = SBTSwiftProjectTests;
			productName = SBTSwiftProjectTests;
			productReference = 1438FF8220F9FD2B003CC7C2 /* SBTSwiftProjectTests.xctest */;
			productType = "com.apple.product-type.bundle.unit-test";
		};
/* End PBXNativeTarget section */

/* Begin PBXProject section */
		1438FF6320F9FD29003CC7C2 /* Project object */ = {
			isa = PBXProject;
			attributes = {
				BuildIndependentTargetsInParallel = YES;
				LastSwiftUpdateCheck = 1500;
				LastUpgradeCheck = 1500;
				ORGANIZATIONNAME = "Константин Богданов";
				TargetAttributes = {
					1438FF6A20F9FD29003CC7C2 = {
						CreatedOnToolsVersion = 9.4.1;
						LastSwiftMigration = "";
					};
					1438FF8120F9FD2B003CC7C2 = {
						CreatedOnToolsVersion = 9.4.1;
						LastSwiftMigration = "";
						TestTargetID = 1438FF6A20F9FD29003CC7C2;
					};
				};
			};
			buildConfigurationList = 1438FF6620F9FD29003CC7C2 /* Build configuration list for PBXProject "SBTSwiftProject" */;
			compatibilityVersion = "Xcode 9.3";
			developmentRegion = en;
			hasScannedForEncodings = 0;
			knownRegions = (
				en,
				Base,
			);
			mainGroup = 1438FF6220F9FD29003CC7C2;
			packageReferences = (
			);
			productRefGroup = 1438FF6C20F9FD29003CC7C2 /* Products */;
			projectDirPath = "";
			projectReferences = (
				{
					ProductGroup = 148AE3092ABEEA9A006E5411 /* Products */;
					ProjectRef = 148AE3082ABEEA9A006E5411 /* CoreDataService.xcodeproj */;
				},
				{
					ProductGroup = 148AE2E92ABEEA3F006E5411 /* Products */;
					ProjectRef = 148AE2E82ABEEA3F006E5411 /* DatabaseAbstraction.xcodeproj */;
				},
				{
					ProductGroup = 14E8A9CF2ABC359A00FA219D /* Products */;
					ProjectRef = 14E8A9CE2ABC359A00FA219D /* DomainAbstractions.xcodeproj */;
				},
				{
					ProductGroup = 148AE21D2ABEE36C006E5411 /* Products */;
					ProjectRef = 148AE21C2ABEE36C006E5411 /* LocationDomain.xcodeproj */;
				},
				{
					ProductGroup = 148AE2B42ABEE7E0006E5411 /* Products */;
					ProjectRef = 148AE2B32ABEE7E0006E5411 /* LocationDomainModels.xcodeproj */;
				},
				{
					ProductGroup = 148AE1A92ABEE1E5006E5411 /* Products */;
					ProjectRef = 148AE1A82ABEE1E5006E5411 /* LocationRespository.xcodeproj */;
				},
				{
					ProductGroup = 148AE1F02ABEE2CB006E5411 /* Products */;
					ProjectRef = 148AE1EF2ABEE2CB006E5411 /* NetworkingAbstractions.xcodeproj */;
				},
				{
					ProductGroup = 148AE2AB2ABEE7CE006E5411 /* Products */;
					ProjectRef = 148AE2AA2ABEE7CE006E5411 /* NetworkingAbstractions.xcodeproj */;
				},
				{
					ProductGroup = 148AE13C2ABEDDBA006E5411 /* Products */;
					ProjectRef = 148AE13B2ABEDDBA006E5411 /* NetworkService.xcodeproj */;
				},
				{
					ProductGroup = 14E8A91D2ABC2B7200FA219D /* Products */;
					ProjectRef = 14E8A91C2ABC2B7200FA219D /* TicketsDomain.xcodeproj */;
				},
				{
					ProductGroup = 148AE3452ABEEC75006E5411 /* Products */;
					ProjectRef = 148AE3442ABEEC75006E5411 /* TicketsRepository.xcodeproj */;
				},
				{
					ProductGroup = 148AE1732ABEDF28006E5411 /* Products */;
					ProjectRef = 148AE1722ABEDF28006E5411 /* UserSettingsRepository.xcodeproj */;
				},
				{
					ProductGroup = 148AE10D2ABEDCBC006E5411 /* Products */;
					ProjectRef = 148AE10C2ABEDCBC006E5411 /* UserSettingsService.xcodeproj */;
				},
			);
			projectRoot = "";
			targets = (
				1438FF6A20F9FD29003CC7C2 /* SBTSwiftProject */,
				1438FF8120F9FD2B003CC7C2 /* SBTSwiftProjectTests */,
			);
		};
/* End PBXProject section */

/* Begin PBXReferenceProxy section */
		148AE1122ABEDCBC006E5411 /* UserSettingsService.framework */ = {
			isa = PBXReferenceProxy;
			fileType = wrapper.framework;
			path = UserSettingsService.framework;
			remoteRef = 148AE1112ABEDCBC006E5411 /* PBXContainerItemProxy */;
			sourceTree = BUILT_PRODUCTS_DIR;
		};
		148AE1142ABEDCBC006E5411 /* UserSettingsServiceTests.xctest */ = {
			isa = PBXReferenceProxy;
			fileType = wrapper.cfbundle;
			path = UserSettingsServiceTests.xctest;
			remoteRef = 148AE1132ABEDCBC006E5411 /* PBXContainerItemProxy */;
			sourceTree = BUILT_PRODUCTS_DIR;
		};
		148AE1412ABEDDBB006E5411 /* NetworkService.framework */ = {
			isa = PBXReferenceProxy;
			fileType = wrapper.framework;
			path = NetworkService.framework;
			remoteRef = 148AE1402ABEDDBB006E5411 /* PBXContainerItemProxy */;
			sourceTree = BUILT_PRODUCTS_DIR;
		};
		148AE1432ABEDDBB006E5411 /* NetworkServiceTests.xctest */ = {
			isa = PBXReferenceProxy;
			fileType = wrapper.cfbundle;
			path = NetworkServiceTests.xctest;
			remoteRef = 148AE1422ABEDDBB006E5411 /* PBXContainerItemProxy */;
			sourceTree = BUILT_PRODUCTS_DIR;
		};
		148AE1782ABEDF28006E5411 /* UserSettingsRepository.framework */ = {
			isa = PBXReferenceProxy;
			fileType = wrapper.framework;
			path = UserSettingsRepository.framework;
			remoteRef = 148AE1772ABEDF28006E5411 /* PBXContainerItemProxy */;
			sourceTree = BUILT_PRODUCTS_DIR;
		};
		148AE17A2ABEDF28006E5411 /* UserSettingsRepositoryTests.xctest */ = {
			isa = PBXReferenceProxy;
			fileType = wrapper.cfbundle;
			path = UserSettingsRepositoryTests.xctest;
			remoteRef = 148AE1792ABEDF28006E5411 /* PBXContainerItemProxy */;
			sourceTree = BUILT_PRODUCTS_DIR;
		};
		148AE1AE2ABEE1E5006E5411 /* LocationRespository.framework */ = {
			isa = PBXReferenceProxy;
			fileType = wrapper.framework;
			path = LocationRespository.framework;
			remoteRef = 148AE1AD2ABEE1E5006E5411 /* PBXContainerItemProxy */;
			sourceTree = BUILT_PRODUCTS_DIR;
		};
		148AE1B02ABEE1E5006E5411 /* LocationRespositoryTests.xctest */ = {
			isa = PBXReferenceProxy;
			fileType = wrapper.cfbundle;
			path = LocationRespositoryTests.xctest;
			remoteRef = 148AE1AF2ABEE1E5006E5411 /* PBXContainerItemProxy */;
			sourceTree = BUILT_PRODUCTS_DIR;
		};
		148AE1F52ABEE2CB006E5411 /* NetworkingAbstractions.framework */ = {
			isa = PBXReferenceProxy;
			fileType = wrapper.framework;
			path = NetworkingAbstractions.framework;
			remoteRef = 148AE1F42ABEE2CB006E5411 /* PBXContainerItemProxy */;
			sourceTree = BUILT_PRODUCTS_DIR;
		};
		148AE1F72ABEE2CB006E5411 /* NetworkingAbstractionsTests.xctest */ = {
			isa = PBXReferenceProxy;
			fileType = wrapper.cfbundle;
			path = NetworkingAbstractionsTests.xctest;
			remoteRef = 148AE1F62ABEE2CB006E5411 /* PBXContainerItemProxy */;
			sourceTree = BUILT_PRODUCTS_DIR;
		};
		148AE2222ABEE36C006E5411 /* LocationDomain.framework */ = {
			isa = PBXReferenceProxy;
			fileType = wrapper.framework;
			path = LocationDomain.framework;
			remoteRef = 148AE2212ABEE36C006E5411 /* PBXContainerItemProxy */;
			sourceTree = BUILT_PRODUCTS_DIR;
		};
		148AE2242ABEE36C006E5411 /* LocationDomainTests.xctest */ = {
			isa = PBXReferenceProxy;
			fileType = wrapper.cfbundle;
			path = LocationDomainTests.xctest;
			remoteRef = 148AE2232ABEE36C006E5411 /* PBXContainerItemProxy */;
			sourceTree = BUILT_PRODUCTS_DIR;
		};
		148AE2B02ABEE7CE006E5411 /* NetworkingAbstractions.framework */ = {
			isa = PBXReferenceProxy;
			fileType = wrapper.framework;
			path = NetworkingAbstractions.framework;
			remoteRef = 148AE2AF2ABEE7CE006E5411 /* PBXContainerItemProxy */;
			sourceTree = BUILT_PRODUCTS_DIR;
		};
		148AE2B22ABEE7CE006E5411 /* NetworkingAbstractionsTests.xctest */ = {
			isa = PBXReferenceProxy;
			fileType = wrapper.cfbundle;
			path = NetworkingAbstractionsTests.xctest;
			remoteRef = 148AE2B12ABEE7CE006E5411 /* PBXContainerItemProxy */;
			sourceTree = BUILT_PRODUCTS_DIR;
		};
		148AE2B92ABEE7E0006E5411 /* LocationDomainModels.framework */ = {
			isa = PBXReferenceProxy;
			fileType = wrapper.framework;
			path = LocationDomainModels.framework;
			remoteRef = 148AE2B82ABEE7E0006E5411 /* PBXContainerItemProxy */;
			sourceTree = BUILT_PRODUCTS_DIR;
		};
		148AE2BB2ABEE7E0006E5411 /* LocationDomainModelsTests.xctest */ = {
			isa = PBXReferenceProxy;
			fileType = wrapper.cfbundle;
			path = LocationDomainModelsTests.xctest;
			remoteRef = 148AE2BA2ABEE7E0006E5411 /* PBXContainerItemProxy */;
			sourceTree = BUILT_PRODUCTS_DIR;
		};
		148AE2ED2ABEEA3F006E5411 /* DatabaseAbstraction.framework */ = {
			isa = PBXReferenceProxy;
			fileType = wrapper.framework;
			path = DatabaseAbstraction.framework;
			remoteRef = 148AE2EC2ABEEA3F006E5411 /* PBXContainerItemProxy */;
			sourceTree = BUILT_PRODUCTS_DIR;
		};
		148AE30D2ABEEA9B006E5411 /* CoreDataService.framework */ = {
			isa = PBXReferenceProxy;
			fileType = wrapper.framework;
			path = CoreDataService.framework;
			remoteRef = 148AE30C2ABEEA9B006E5411 /* PBXContainerItemProxy */;
			sourceTree = BUILT_PRODUCTS_DIR;
		};
		148AE3492ABEEC76006E5411 /* TicketsRepository.framework */ = {
			isa = PBXReferenceProxy;
			fileType = wrapper.framework;
			path = TicketsRepository.framework;
			remoteRef = 148AE3482ABEEC76006E5411 /* PBXContainerItemProxy */;
			sourceTree = BUILT_PRODUCTS_DIR;
		};
		14E8A9222ABC2B7200FA219D /* TicketsDomain.framework */ = {
			isa = PBXReferenceProxy;
			fileType = wrapper.framework;
			path = TicketsDomain.framework;
			remoteRef = 14E8A9212ABC2B7200FA219D /* PBXContainerItemProxy */;
			sourceTree = BUILT_PRODUCTS_DIR;
		};
		14E8A9242ABC2B7200FA219D /* TicketsDomainTests.xctest */ = {
			isa = PBXReferenceProxy;
			fileType = wrapper.cfbundle;
			path = TicketsDomainTests.xctest;
			remoteRef = 14E8A9232ABC2B7200FA219D /* PBXContainerItemProxy */;
			sourceTree = BUILT_PRODUCTS_DIR;
		};
		14E8A9D42ABC359A00FA219D /* DomainAbstractions.framework */ = {
			isa = PBXReferenceProxy;
			fileType = wrapper.framework;
			path = DomainAbstractions.framework;
			remoteRef = 14E8A9D32ABC359A00FA219D /* PBXContainerItemProxy */;
			sourceTree = BUILT_PRODUCTS_DIR;
		};
/* End PBXReferenceProxy section */

/* Begin PBXResourcesBuildPhase section */
		1438FF6920F9FD29003CC7C2 /* Resources */ = {
			isa = PBXResourcesBuildPhase;
			buildActionMask = 2147483647;
			files = (
				14AE5AE325443B7300548B1D /* Launch Screen.storyboard in Resources */,
				1438FF7920F9FD2B003CC7C2 /* Assets.xcassets in Resources */,
			);
			runOnlyForDeploymentPostprocessing = 0;
		};
		1438FF8020F9FD2B003CC7C2 /* Resources */ = {
			isa = PBXResourcesBuildPhase;
			buildActionMask = 2147483647;
			files = (
			);
			runOnlyForDeploymentPostprocessing = 0;
		};
/* End PBXResourcesBuildPhase section */

/* Begin PBXSourcesBuildPhase section */
		1438FF6720F9FD29003CC7C2 /* Sources */ = {
			isa = PBXSourcesBuildPhase;
			buildActionMask = 2147483647;
			files = (
				1451910B2569684D00A5593E /* TicketAssembly.swift in Sources */,
				14EA9E8B263EDAA30037DFAE /* DataLayerComposer.swift in Sources */,
				143BA912263D9CE2002011EC /* TicketAssemblyProtocol.swift in Sources */,
				142865E52551DBD9003D1930 /* TicketsSearchInteractor.swift in Sources */,
				145191082569608A00A5593E /* TicketView.swift in Sources */,
				142865E32551DB30003D1930 /* TicketsSearchViewController.swift in Sources */,
				14977AA32ABF68F70051DF74 /* Logger+Categories.swift in Sources */,
				1485DD5C2599197B009FFF7C /* SettingsView.swift in Sources */,
				14AE5AEA2544801D00548B1D /* LocationView.swift in Sources */,
				1478A0902552BEA100C3633C /* TicketsSearchView.swift in Sources */,
				143BA91A263DA05E002011EC /* TicketInteractor.swift in Sources */,
				147A2A4E2ABF0C2A0056A2A3 /* LocationRepositoriesAssembly.swift in Sources */,
				147981AC254D9C1D00110A9B /* AppErrors.swift in Sources */,
				143BA920263DAEF3002011EC /* Router.swift in Sources */,
				14D634CF255075B300FF7D37 /* SelectCountryInteractor.swift in Sources */,
				147A2A362ABF068D0056A2A3 /* CoreDataServiceAssembly.swift in Sources */,
				14402E35263DC90900D53200 /* TabBarCoordinator.swift in Sources */,
				14EA9E83263ECE840037DFAE /* AppComposer.swift in Sources */,
				1438FF7120F9FD29003CC7C2 /* LocationViewController.swift in Sources */,
				142865DE25509C4E003D1930 /* SelectCityAssembly.swift in Sources */,
				14CD6885263EFD45009A92F0 /* TicketCoordinator.swift in Sources */,
				1478A0942552BF1C00C3633C /* TicketHeaderView.swift in Sources */,
				14D634CD2550756900FF7D37 /* SelectCountryViewController.swift in Sources */,
				142865DD25509C4E003D1930 /* SelectCityViewController.swift in Sources */,
				14EA9E70263EA21A0037DFAE /* SelectCityCoordinatorAssembly.swift in Sources */,
				147A2A542ABF11F50056A2A3 /* TicketsRepository+TicketsRepositoryProtocol.swift in Sources */,
				14EA9E6B263E9E1E0037DFAE /* SelectCityCoordinator.swift in Sources */,
				1478A0982552CF9500C3633C /* TicketsSearchAssembly.swift in Sources */,
				145191042569604800A5593E /* TicketViewController.swift in Sources */,
				14402E39263DCB0E00D53200 /* TicketsSearchCoordinator.swift in Sources */,
				14EA9E79263EA81B0037DFAE /* SettingsCoordinator.swift in Sources */,
				1451911125697E8500A5593E /* TicketViewModel.swift in Sources */,
				14AE5AE825447E4600548B1D /* LocationInteractor.swift in Sources */,
				142865DF25509C4E003D1930 /* SelectCityInteractor.swift in Sources */,
				143AE750263A9AA100D49F03 /* FlowCoordnator.swift in Sources */,
				14D634C825506A1200FF7D37 /* AlertControllerAssembly.swift in Sources */,
				14F78D1A254DFF7D0043C6DA /* LocationViewModel.swift in Sources */,
				1417C3AC2AC330D600AB086B /* LocationViewOutputProxyWithMetrics.swift in Sources */,
				14AE5AEC2544899800548B1D /* LocationAssembly.swift in Sources */,
				1438FF6F20F9FD29003CC7C2 /* AppDelegate.swift in Sources */,
				1421949B2ABF215A000A4F59 /* TicketsSearchInteractorOutputMainThreadProxy.swift in Sources */,
				14ECFD612556A58100FBFC62 /* TicketTableViewCell.swift in Sources */,
				14EA9E7D263EA9DE0037DFAE /* SettingsCoordinatorAssemby.swift in Sources */,
				14977A8A2ABF67470051DF74 /* NetworkServiceWithLogs.swift in Sources */,
				143AE7492639D98800D49F03 /* TicketsSearchViewModel.swift in Sources */,
				143BA91D263DAC5C002011EC /* LocationCoordinator.swift in Sources */,
				14EA9E73263EA4DD0037DFAE /* SelectCountryCoordinator.swift in Sources */,
				14EA9E8E263EDD990037DFAE /* DomainLayerComposer.swift in Sources */,
				147A2A592ABF16A90056A2A3 /* LocationInteractorOutputMainThreadProxy.swift in Sources */,
				142865CE25509648003D1930 /* SelectCountryAssembly.swift in Sources */,
				14402E3E263DCD9000D53200 /* TabBarCoordinatorAssembly.swift in Sources */,
				143BA916263D9D24002011EC /* TicketPresentationModel.swift in Sources */,
				14EA9E87263EDA040037DFAE /* ServiceLayerComposer.swift in Sources */,
				1478A09E2552D9A900C3633C /* TicketsSearchDatePicker.swift in Sources */,
				14ECFD572556913E00FBFC62 /* SettingsViewController.swift in Sources */,
				14EA9E91263EE2240037DFAE /* PresentationLayerComposer.swift in Sources */,
				14CD687B263EE631009A92F0 /* CoordinationComposer.swift in Sources */,
				14ECFD5A2556918900FBFC62 /* SettingsAssembly.swift in Sources */,
				14EA9E66263DD94A0037DFAE /* LocationCoordinatorAssembly.swift in Sources */,
				1478A0A52552F30B00C3633C /* Date.swift in Sources */,
			);
			runOnlyForDeploymentPostprocessing = 0;
		};
		1438FF7E20F9FD2B003CC7C2 /* Sources */ = {
			isa = PBXSourcesBuildPhase;
			buildActionMask = 2147483647;
			files = (
				1438FF8720F9FD2B003CC7C2 /* SBTSwiftProjectTests.swift in Sources */,
				14CDC80F25E25E6D003CA021 /* GetCitiesUseCaseTests.swift in Sources */,
				14C60EBA25F62443007455BF /* LocationRepositorySpy_one.swift in Sources */,
				141563C025F621B000B96C6A /* LocationUseCaseTests.swift in Sources */,
				14E2521625E25FF80073C50C /* LocationRepositorySpy.swift in Sources */,
			);
			runOnlyForDeploymentPostprocessing = 0;
		};
/* End PBXSourcesBuildPhase section */

/* Begin PBXTargetDependency section */
		1438FF8420F9FD2B003CC7C2 /* PBXTargetDependency */ = {
			isa = PBXTargetDependency;
			target = 1438FF6A20F9FD29003CC7C2 /* SBTSwiftProject */;
			targetProxy = 1438FF8320F9FD2B003CC7C2 /* PBXContainerItemProxy */;
		};
/* End PBXTargetDependency section */

/* Begin XCBuildConfiguration section */
		1438FF8920F9FD2B003CC7C2 /* Debug */ = {
			isa = XCBuildConfiguration;
			buildSettings = {
				ALWAYS_SEARCH_USER_PATHS = NO;
				CLANG_ANALYZER_NONNULL = YES;
				CLANG_ANALYZER_NUMBER_OBJECT_CONVERSION = YES_AGGRESSIVE;
				CLANG_CXX_LANGUAGE_STANDARD = "gnu++14";
				CLANG_CXX_LIBRARY = "libc++";
				CLANG_ENABLE_MODULES = YES;
				CLANG_ENABLE_OBJC_ARC = YES;
				CLANG_ENABLE_OBJC_WEAK = YES;
				CLANG_WARN_BLOCK_CAPTURE_AUTORELEASING = YES;
				CLANG_WARN_BOOL_CONVERSION = YES;
				CLANG_WARN_COMMA = YES;
				CLANG_WARN_CONSTANT_CONVERSION = YES;
				CLANG_WARN_DEPRECATED_OBJC_IMPLEMENTATIONS = YES;
				CLANG_WARN_DIRECT_OBJC_ISA_USAGE = YES_ERROR;
				CLANG_WARN_DOCUMENTATION_COMMENTS = YES;
				CLANG_WARN_EMPTY_BODY = YES;
				CLANG_WARN_ENUM_CONVERSION = YES;
				CLANG_WARN_INFINITE_RECURSION = YES;
				CLANG_WARN_INT_CONVERSION = YES;
				CLANG_WARN_NON_LITERAL_NULL_CONVERSION = YES;
				CLANG_WARN_OBJC_IMPLICIT_RETAIN_SELF = YES;
				CLANG_WARN_OBJC_LITERAL_CONVERSION = YES;
				CLANG_WARN_OBJC_ROOT_CLASS = YES_ERROR;
				CLANG_WARN_QUOTED_INCLUDE_IN_FRAMEWORK_HEADER = YES;
				CLANG_WARN_RANGE_LOOP_ANALYSIS = YES;
				CLANG_WARN_STRICT_PROTOTYPES = YES;
				CLANG_WARN_SUSPICIOUS_MOVE = YES;
				CLANG_WARN_UNGUARDED_AVAILABILITY = YES_AGGRESSIVE;
				CLANG_WARN_UNREACHABLE_CODE = YES;
				CLANG_WARN__DUPLICATE_METHOD_MATCH = YES;
				CODE_SIGN_IDENTITY = "iPhone Developer";
				COPY_PHASE_STRIP = NO;
				DEBUG_INFORMATION_FORMAT = dwarf;
				ENABLE_STRICT_OBJC_MSGSEND = YES;
				ENABLE_TESTABILITY = YES;
				ENABLE_USER_SCRIPT_SANDBOXING = YES;
				GCC_C_LANGUAGE_STANDARD = gnu11;
				GCC_DYNAMIC_NO_PIC = NO;
				GCC_NO_COMMON_BLOCKS = YES;
				GCC_OPTIMIZATION_LEVEL = 0;
				GCC_PREPROCESSOR_DEFINITIONS = (
					"DEBUG=1",
					"$(inherited)",
				);
				GCC_WARN_64_TO_32_BIT_CONVERSION = YES;
				GCC_WARN_ABOUT_RETURN_TYPE = YES_ERROR;
				GCC_WARN_UNDECLARED_SELECTOR = YES;
				GCC_WARN_UNINITIALIZED_AUTOS = YES_AGGRESSIVE;
				GCC_WARN_UNUSED_FUNCTION = YES;
				GCC_WARN_UNUSED_VARIABLE = YES;
				IPHONEOS_DEPLOYMENT_TARGET = 15.0;
				MTL_ENABLE_DEBUG_INFO = YES;
				ONLY_ACTIVE_ARCH = YES;
				SDKROOT = iphoneos;
				SWIFT_ACTIVE_COMPILATION_CONDITIONS = DEBUG;
				SWIFT_OPTIMIZATION_LEVEL = "-Onone";
			};
			name = Debug;
		};
		1438FF8A20F9FD2B003CC7C2 /* Release */ = {
			isa = XCBuildConfiguration;
			buildSettings = {
				ALWAYS_SEARCH_USER_PATHS = NO;
				CLANG_ANALYZER_NONNULL = YES;
				CLANG_ANALYZER_NUMBER_OBJECT_CONVERSION = YES_AGGRESSIVE;
				CLANG_CXX_LANGUAGE_STANDARD = "gnu++14";
				CLANG_CXX_LIBRARY = "libc++";
				CLANG_ENABLE_MODULES = YES;
				CLANG_ENABLE_OBJC_ARC = YES;
				CLANG_ENABLE_OBJC_WEAK = YES;
				CLANG_WARN_BLOCK_CAPTURE_AUTORELEASING = YES;
				CLANG_WARN_BOOL_CONVERSION = YES;
				CLANG_WARN_COMMA = YES;
				CLANG_WARN_CONSTANT_CONVERSION = YES;
				CLANG_WARN_DEPRECATED_OBJC_IMPLEMENTATIONS = YES;
				CLANG_WARN_DIRECT_OBJC_ISA_USAGE = YES_ERROR;
				CLANG_WARN_DOCUMENTATION_COMMENTS = YES;
				CLANG_WARN_EMPTY_BODY = YES;
				CLANG_WARN_ENUM_CONVERSION = YES;
				CLANG_WARN_INFINITE_RECURSION = YES;
				CLANG_WARN_INT_CONVERSION = YES;
				CLANG_WARN_NON_LITERAL_NULL_CONVERSION = YES;
				CLANG_WARN_OBJC_IMPLICIT_RETAIN_SELF = YES;
				CLANG_WARN_OBJC_LITERAL_CONVERSION = YES;
				CLANG_WARN_OBJC_ROOT_CLASS = YES_ERROR;
				CLANG_WARN_QUOTED_INCLUDE_IN_FRAMEWORK_HEADER = YES;
				CLANG_WARN_RANGE_LOOP_ANALYSIS = YES;
				CLANG_WARN_STRICT_PROTOTYPES = YES;
				CLANG_WARN_SUSPICIOUS_MOVE = YES;
				CLANG_WARN_UNGUARDED_AVAILABILITY = YES_AGGRESSIVE;
				CLANG_WARN_UNREACHABLE_CODE = YES;
				CLANG_WARN__DUPLICATE_METHOD_MATCH = YES;
				CODE_SIGN_IDENTITY = "iPhone Developer";
				COPY_PHASE_STRIP = NO;
				DEBUG_INFORMATION_FORMAT = "dwarf-with-dsym";
				ENABLE_NS_ASSERTIONS = NO;
				ENABLE_STRICT_OBJC_MSGSEND = YES;
				ENABLE_USER_SCRIPT_SANDBOXING = YES;
				GCC_C_LANGUAGE_STANDARD = gnu11;
				GCC_NO_COMMON_BLOCKS = YES;
				GCC_WARN_64_TO_32_BIT_CONVERSION = YES;
				GCC_WARN_ABOUT_RETURN_TYPE = YES_ERROR;
				GCC_WARN_UNDECLARED_SELECTOR = YES;
				GCC_WARN_UNINITIALIZED_AUTOS = YES_AGGRESSIVE;
				GCC_WARN_UNUSED_FUNCTION = YES;
				GCC_WARN_UNUSED_VARIABLE = YES;
				IPHONEOS_DEPLOYMENT_TARGET = 15.0;
				MTL_ENABLE_DEBUG_INFO = NO;
				SDKROOT = iphoneos;
				SWIFT_COMPILATION_MODE = wholemodule;
				SWIFT_OPTIMIZATION_LEVEL = "-O";
				VALIDATE_PRODUCT = YES;
			};
			name = Release;
		};
		1438FF8C20F9FD2B003CC7C2 /* Debug */ = {
			isa = XCBuildConfiguration;
			buildSettings = {
				ASSETCATALOG_COMPILER_APPICON_NAME = AppIcon;
				CODE_SIGN_STYLE = Automatic;
				DEVELOPMENT_TEAM = 2U7B3D7RG7;
				FRAMEWORK_SEARCH_PATHS = "$(inherited)";
				INFOPLIST_FILE = SBTSwiftProject/Info.plist;
				LD_RUNPATH_SEARCH_PATHS = (
					"$(inherited)",
					"@executable_path/Frameworks",
				);
				PRODUCT_BUNDLE_IDENTIFIER = SBT.SBTSwiftProject;
				PRODUCT_NAME = "$(TARGET_NAME)";
				SWIFT_VERSION = 4.0;
				TARGETED_DEVICE_FAMILY = "1,2";
			};
			name = Debug;
		};
		1438FF8D20F9FD2B003CC7C2 /* Release */ = {
			isa = XCBuildConfiguration;
			buildSettings = {
				ASSETCATALOG_COMPILER_APPICON_NAME = AppIcon;
				CODE_SIGN_STYLE = Automatic;
				DEVELOPMENT_TEAM = 2U7B3D7RG7;
				FRAMEWORK_SEARCH_PATHS = "$(inherited)";
				INFOPLIST_FILE = SBTSwiftProject/Info.plist;
				LD_RUNPATH_SEARCH_PATHS = (
					"$(inherited)",
					"@executable_path/Frameworks",
				);
				PRODUCT_BUNDLE_IDENTIFIER = SBT.SBTSwiftProject;
				PRODUCT_NAME = "$(TARGET_NAME)";
				SWIFT_VERSION = 4.0;
				TARGETED_DEVICE_FAMILY = "1,2";
			};
			name = Release;
		};
		1438FF8F20F9FD2B003CC7C2 /* Debug */ = {
			isa = XCBuildConfiguration;
			buildSettings = {
				ALWAYS_EMBED_SWIFT_STANDARD_LIBRARIES = YES;
				BUNDLE_LOADER = "$(TEST_HOST)";
				CODE_SIGN_STYLE = Automatic;
				DEVELOPMENT_TEAM = 2U7B3D7RG7;
				INFOPLIST_FILE = SBTSwiftProjectTests/Info.plist;
				LD_RUNPATH_SEARCH_PATHS = (
					"$(inherited)",
					"@executable_path/Frameworks",
					"@loader_path/Frameworks",
				);
				PRODUCT_BUNDLE_IDENTIFIER = SBT.SBTSwiftProjectTests;
				PRODUCT_NAME = "$(TARGET_NAME)";
				SWIFT_VERSION = 4.0;
				TARGETED_DEVICE_FAMILY = "1,2";
				TEST_HOST = "$(BUILT_PRODUCTS_DIR)/SBTSwiftProject.app/SBTSwiftProject";
			};
			name = Debug;
		};
		1438FF9020F9FD2B003CC7C2 /* Release */ = {
			isa = XCBuildConfiguration;
			buildSettings = {
				ALWAYS_EMBED_SWIFT_STANDARD_LIBRARIES = YES;
				BUNDLE_LOADER = "$(TEST_HOST)";
				CODE_SIGN_STYLE = Automatic;
				DEVELOPMENT_TEAM = 2U7B3D7RG7;
				INFOPLIST_FILE = SBTSwiftProjectTests/Info.plist;
				LD_RUNPATH_SEARCH_PATHS = (
					"$(inherited)",
					"@executable_path/Frameworks",
					"@loader_path/Frameworks",
				);
				PRODUCT_BUNDLE_IDENTIFIER = SBT.SBTSwiftProjectTests;
				PRODUCT_NAME = "$(TARGET_NAME)";
				SWIFT_VERSION = 4.0;
				TARGETED_DEVICE_FAMILY = "1,2";
				TEST_HOST = "$(BUILT_PRODUCTS_DIR)/SBTSwiftProject.app/SBTSwiftProject";
			};
			name = Release;
		};
/* End XCBuildConfiguration section */

/* Begin XCConfigurationList section */
		1438FF6620F9FD29003CC7C2 /* Build configuration list for PBXProject "SBTSwiftProject" */ = {
			isa = XCConfigurationList;
			buildConfigurations = (
				1438FF8920F9FD2B003CC7C2 /* Debug */,
				1438FF8A20F9FD2B003CC7C2 /* Release */,
			);
			defaultConfigurationIsVisible = 0;
			defaultConfigurationName = Release;
		};
		1438FF8B20F9FD2B003CC7C2 /* Build configuration list for PBXNativeTarget "SBTSwiftProject" */ = {
			isa = XCConfigurationList;
			buildConfigurations = (
				1438FF8C20F9FD2B003CC7C2 /* Debug */,
				1438FF8D20F9FD2B003CC7C2 /* Release */,
			);
			defaultConfigurationIsVisible = 0;
			defaultConfigurationName = Release;
		};
		1438FF8E20F9FD2B003CC7C2 /* Build configuration list for PBXNativeTarget "SBTSwiftProjectTests" */ = {
			isa = XCConfigurationList;
			buildConfigurations = (
				1438FF8F20F9FD2B003CC7C2 /* Debug */,
				1438FF9020F9FD2B003CC7C2 /* Release */,
			);
			defaultConfigurationIsVisible = 0;
			defaultConfigurationName = Release;
		};
/* End XCConfigurationList section */
	};
	rootObject = 1438FF6320F9FD29003CC7C2 /* Project object */;
}
