// !$*UTF8*$!
{
	archiveVersion = 1;
	classes = {
	};
	objectVersion = 50;
	objects = {

/* Begin PBXBuildFile section */
		1438FF6F20F9FD29003CC7C2 /* AppDelegate.swift in Sources */ = {isa = PBXBuildFile; fileRef = 1438FF6E20F9FD29003CC7C2 /* AppDelegate.swift */; };
		1438FF7120F9FD29003CC7C2 /* LocationViewController.swift in Sources */ = {isa = PBXBuildFile; fileRef = 1438FF7020F9FD29003CC7C2 /* LocationViewController.swift */; };
		1438FF7720F9FD29003CC7C2 /* SBTSwiftProject.xcdatamodeld in Sources */ = {isa = PBXBuildFile; fileRef = 1438FF7520F9FD29003CC7C2 /* SBTSwiftProject.xcdatamodeld */; };
		1438FF7920F9FD2B003CC7C2 /* Assets.xcassets in Resources */ = {isa = PBXBuildFile; fileRef = 1438FF7820F9FD2B003CC7C2 /* Assets.xcassets */; };
		1438FF8720F9FD2B003CC7C2 /* SBTSwiftProjectTests.swift in Sources */ = {isa = PBXBuildFile; fileRef = 1438FF8620F9FD2B003CC7C2 /* SBTSwiftProjectTests.swift */; };
		1474CEEA2544367E00C9615B /* ServiceLayerDependecies.swift in Sources */ = {isa = PBXBuildFile; fileRef = 1474CEE92544367E00C9615B /* ServiceLayerDependecies.swift */; };
		147D5A3C25442EEA00F90BA2 /* LocationRepository.swift in Sources */ = {isa = PBXBuildFile; fileRef = 147D5A3B25442EEA00F90BA2 /* LocationRepository.swift */; };
		147D5A3F25442FF800F90BA2 /* LocationModel.swift in Sources */ = {isa = PBXBuildFile; fileRef = 147D5A3E25442FF800F90BA2 /* LocationModel.swift */; };
		14AE5AE325443B7300548B1D /* Launch Screen.storyboard in Resources */ = {isa = PBXBuildFile; fileRef = 14AE5AE225443B7300548B1D /* Launch Screen.storyboard */; };
		14AE5AE525447A2700548B1D /* LocationUseCase.swift in Sources */ = {isa = PBXBuildFile; fileRef = 14AE5AE425447A2700548B1D /* LocationUseCase.swift */; };
		14AE5AE825447E4600548B1D /* LocationInteractor.swift in Sources */ = {isa = PBXBuildFile; fileRef = 14AE5AE725447E4600548B1D /* LocationInteractor.swift */; };
		14AE5AEA2544801D00548B1D /* LocationView.swift in Sources */ = {isa = PBXBuildFile; fileRef = 14AE5AE92544801D00548B1D /* LocationView.swift */; };
		14AE5AEC2544899800548B1D /* LocationAssembly.swift in Sources */ = {isa = PBXBuildFile; fileRef = 14AE5AEB2544899800548B1D /* LocationAssembly.swift */; };
		14AE5AEE25448A1F00548B1D /* DomainLayerDependencies.swift in Sources */ = {isa = PBXBuildFile; fileRef = 14AE5AED25448A1F00548B1D /* DomainLayerDependencies.swift */; };
		14AE5AF025448AFC00548B1D /* DataLayerDependencies.swift in Sources */ = {isa = PBXBuildFile; fileRef = 14AE5AEF25448AFC00548B1D /* DataLayerDependencies.swift */; };
		14AE5AF325449C4B00548B1D /* CityModel.swift in Sources */ = {isa = PBXBuildFile; fileRef = 14AE5AF225449C4B00548B1D /* CityModel.swift */; };
		14AE5AF525449EF700548B1D /* PrepareStorageUseCase.swift in Sources */ = {isa = PBXBuildFile; fileRef = 14AE5AF425449EF700548B1D /* PrepareStorageUseCase.swift */; };
		14CD8B7D2544241100134D82 /* NetworkService.swift in Sources */ = {isa = PBXBuildFile; fileRef = 14CD8B7C2544241100134D82 /* NetworkService.swift */; };
		14CD8B802544245E00134D82 /* NetworkRequest.swift in Sources */ = {isa = PBXBuildFile; fileRef = 14CD8B7F2544245E00134D82 /* NetworkRequest.swift */; };
		14CD8B822544263C00134D82 /* NetworkResponse.swift in Sources */ = {isa = PBXBuildFile; fileRef = 14CD8B812544263C00134D82 /* NetworkResponse.swift */; };
/* End PBXBuildFile section */

/* Begin PBXContainerItemProxy section */
		1438FF8320F9FD2B003CC7C2 /* PBXContainerItemProxy */ = {
			isa = PBXContainerItemProxy;
			containerPortal = 1438FF6320F9FD29003CC7C2 /* Project object */;
			proxyType = 1;
			remoteGlobalIDString = 1438FF6A20F9FD29003CC7C2;
			remoteInfo = SBTSwiftProject;
		};
/* End PBXContainerItemProxy section */

/* Begin PBXFileReference section */
		1438FF6B20F9FD29003CC7C2 /* SBTSwiftProject.app */ = {isa = PBXFileReference; explicitFileType = wrapper.application; includeInIndex = 0; path = SBTSwiftProject.app; sourceTree = BUILT_PRODUCTS_DIR; };
		1438FF6E20F9FD29003CC7C2 /* AppDelegate.swift */ = {isa = PBXFileReference; lastKnownFileType = sourcecode.swift; path = AppDelegate.swift; sourceTree = "<group>"; };
		1438FF7020F9FD29003CC7C2 /* LocationViewController.swift */ = {isa = PBXFileReference; lastKnownFileType = sourcecode.swift; path = LocationViewController.swift; sourceTree = "<group>"; };
		1438FF7620F9FD29003CC7C2 /* SBTSwiftProject.xcdatamodel */ = {isa = PBXFileReference; lastKnownFileType = wrapper.xcdatamodel; path = SBTSwiftProject.xcdatamodel; sourceTree = "<group>"; };
		1438FF7820F9FD2B003CC7C2 /* Assets.xcassets */ = {isa = PBXFileReference; lastKnownFileType = folder.assetcatalog; path = Assets.xcassets; sourceTree = "<group>"; };
		1438FF8220F9FD2B003CC7C2 /* SBTSwiftProjectTests.xctest */ = {isa = PBXFileReference; explicitFileType = wrapper.cfbundle; includeInIndex = 0; path = SBTSwiftProjectTests.xctest; sourceTree = BUILT_PRODUCTS_DIR; };
		1438FF8620F9FD2B003CC7C2 /* SBTSwiftProjectTests.swift */ = {isa = PBXFileReference; lastKnownFileType = sourcecode.swift; path = SBTSwiftProjectTests.swift; sourceTree = "<group>"; };
		1438FF8820F9FD2B003CC7C2 /* Info.plist */ = {isa = PBXFileReference; lastKnownFileType = text.plist.xml; path = Info.plist; sourceTree = "<group>"; };
		1474CEE92544367E00C9615B /* ServiceLayerDependecies.swift */ = {isa = PBXFileReference; lastKnownFileType = sourcecode.swift; path = ServiceLayerDependecies.swift; sourceTree = "<group>"; };
		147D5A3B25442EEA00F90BA2 /* LocationRepository.swift */ = {isa = PBXFileReference; lastKnownFileType = sourcecode.swift; path = LocationRepository.swift; sourceTree = "<group>"; };
		147D5A3E25442FF800F90BA2 /* LocationModel.swift */ = {isa = PBXFileReference; lastKnownFileType = sourcecode.swift; path = LocationModel.swift; sourceTree = "<group>"; };
		14AE5AE225443B7300548B1D /* Launch Screen.storyboard */ = {isa = PBXFileReference; lastKnownFileType = file.storyboard; path = "Launch Screen.storyboard"; sourceTree = "<group>"; };
		14AE5AE425447A2700548B1D /* LocationUseCase.swift */ = {isa = PBXFileReference; lastKnownFileType = sourcecode.swift; path = LocationUseCase.swift; sourceTree = "<group>"; };
		14AE5AE725447E4600548B1D /* LocationInteractor.swift */ = {isa = PBXFileReference; lastKnownFileType = sourcecode.swift; path = LocationInteractor.swift; sourceTree = "<group>"; };
		14AE5AE92544801D00548B1D /* LocationView.swift */ = {isa = PBXFileReference; lastKnownFileType = sourcecode.swift; path = LocationView.swift; sourceTree = "<group>"; };
		14AE5AEB2544899800548B1D /* LocationAssembly.swift */ = {isa = PBXFileReference; lastKnownFileType = sourcecode.swift; path = LocationAssembly.swift; sourceTree = "<group>"; };
		14AE5AED25448A1F00548B1D /* DomainLayerDependencies.swift */ = {isa = PBXFileReference; lastKnownFileType = sourcecode.swift; path = DomainLayerDependencies.swift; sourceTree = "<group>"; };
		14AE5AEF25448AFC00548B1D /* DataLayerDependencies.swift */ = {isa = PBXFileReference; lastKnownFileType = sourcecode.swift; path = DataLayerDependencies.swift; sourceTree = "<group>"; };
		14AE5AF225449C4B00548B1D /* CityModel.swift */ = {isa = PBXFileReference; lastKnownFileType = sourcecode.swift; path = CityModel.swift; sourceTree = "<group>"; };
		14AE5AF425449EF700548B1D /* PrepareStorageUseCase.swift */ = {isa = PBXFileReference; lastKnownFileType = sourcecode.swift; path = PrepareStorageUseCase.swift; sourceTree = "<group>"; };
		14CD8B7C2544241100134D82 /* NetworkService.swift */ = {isa = PBXFileReference; lastKnownFileType = sourcecode.swift; path = NetworkService.swift; sourceTree = "<group>"; };
		14CD8B7F2544245E00134D82 /* NetworkRequest.swift */ = {isa = PBXFileReference; lastKnownFileType = sourcecode.swift; path = NetworkRequest.swift; sourceTree = "<group>"; };
		14CD8B812544263C00134D82 /* NetworkResponse.swift */ = {isa = PBXFileReference; lastKnownFileType = sourcecode.swift; path = NetworkResponse.swift; sourceTree = "<group>"; };
		14D1A23220FB380000BD1DC1 /* Info.plist */ = {isa = PBXFileReference; fileEncoding = 4; lastKnownFileType = text.plist.xml; path = Info.plist; sourceTree = "<group>"; };
/* End PBXFileReference section */

/* Begin PBXFrameworksBuildPhase section */
		1438FF6820F9FD29003CC7C2 /* Frameworks */ = {
			isa = PBXFrameworksBuildPhase;
			buildActionMask = 2147483647;
			files = (
			);
			runOnlyForDeploymentPostprocessing = 0;
		};
		1438FF7F20F9FD2B003CC7C2 /* Frameworks */ = {
			isa = PBXFrameworksBuildPhase;
			buildActionMask = 2147483647;
			files = (
			);
			runOnlyForDeploymentPostprocessing = 0;
		};
/* End PBXFrameworksBuildPhase section */

/* Begin PBXGroup section */
		1438FF6220F9FD29003CC7C2 = {
			isa = PBXGroup;
			children = (
				14AE5AE225443B7300548B1D /* Launch Screen.storyboard */,
				1438FF6D20F9FD29003CC7C2 /* SBTSwiftProject */,
				1438FF8520F9FD2B003CC7C2 /* SBTSwiftProjectTests */,
				1438FF6C20F9FD29003CC7C2 /* Products */,
			);
			sourceTree = "<group>";
		};
		1438FF6C20F9FD29003CC7C2 /* Products */ = {
			isa = PBXGroup;
			children = (
				1438FF6B20F9FD29003CC7C2 /* SBTSwiftProject.app */,
				1438FF8220F9FD2B003CC7C2 /* SBTSwiftProjectTests.xctest */,
			);
			name = Products;
			sourceTree = "<group>";
		};
		1438FF6D20F9FD29003CC7C2 /* SBTSwiftProject */ = {
			isa = PBXGroup;
			children = (
				1438FF6E20F9FD29003CC7C2 /* AppDelegate.swift */,
				14CD8B7E2544241B00134D82 /* ServiceLayer */,
				147D5A3A25442EBE00F90BA2 /* DataLayer */,
				14AE5AE625447A3000548B1D /* DomainLayer */,
				1451A331254422BB00ACFC6E /* Location */,
				1438FF7820F9FD2B003CC7C2 /* Assets.xcassets */,
				14D1A23220FB380000BD1DC1 /* Info.plist */,
				1438FF7520F9FD29003CC7C2 /* SBTSwiftProject.xcdatamodeld */,
			);
			path = SBTSwiftProject;
			sourceTree = "<group>";
		};
		1438FF8520F9FD2B003CC7C2 /* SBTSwiftProjectTests */ = {
			isa = PBXGroup;
			children = (
				1438FF8620F9FD2B003CC7C2 /* SBTSwiftProjectTests.swift */,
				1438FF8820F9FD2B003CC7C2 /* Info.plist */,
			);
			path = SBTSwiftProjectTests;
			sourceTree = "<group>";
		};
		1451A331254422BB00ACFC6E /* Location */ = {
			isa = PBXGroup;
			children = (
				14AE5AE725447E4600548B1D /* LocationInteractor.swift */,
				14AE5AEB2544899800548B1D /* LocationAssembly.swift */,
				1438FF7020F9FD29003CC7C2 /* LocationViewController.swift */,
				14AE5AE92544801D00548B1D /* LocationView.swift */,
				14AE5AF12544962000548B1D /* Views */,
			);
			path = Location;
			sourceTree = "<group>";
		};
		1474CEEB254436D200C9615B /* Network */ = {
			isa = PBXGroup;
			children = (
				14CD8B7C2544241100134D82 /* NetworkService.swift */,
				14CD8B812544263C00134D82 /* NetworkResponse.swift */,
				14CD8B7F2544245E00134D82 /* NetworkRequest.swift */,
			);
			path = Network;
			sourceTree = "<group>";
		};
		147D5A3A25442EBE00F90BA2 /* DataLayer */ = {
			isa = PBXGroup;
			children = (
				147D5A3D25442F4800F90BA2 /* Location */,
				14AE5AEF25448AFC00548B1D /* DataLayerDependencies.swift */,
			);
			path = DataLayer;
			sourceTree = "<group>";
		};
		147D5A3D25442F4800F90BA2 /* Location */ = {
			isa = PBXGroup;
			children = (
				147D5A3B25442EEA00F90BA2 /* LocationRepository.swift */,
				147D5A3E25442FF800F90BA2 /* LocationModel.swift */,
				14AE5AF225449C4B00548B1D /* CityModel.swift */,
			);
			path = Location;
			sourceTree = "<group>";
		};
		14AE5AE625447A3000548B1D /* DomainLayer */ = {
			isa = PBXGroup;
			children = (
				14AE5AE425447A2700548B1D /* LocationUseCase.swift */,
				14AE5AF425449EF700548B1D /* PrepareStorageUseCase.swift */,
				14AE5AED25448A1F00548B1D /* DomainLayerDependencies.swift */,
			);
			path = DomainLayer;
			sourceTree = "<group>";
		};
		14AE5AF12544962000548B1D /* Views */ = {
			isa = PBXGroup;
			children = (
			);
			path = Views;
			sourceTree = "<group>";
		};
		14CD8B7E2544241B00134D82 /* ServiceLayer */ = {
			isa = PBXGroup;
			children = (
				1474CEE92544367E00C9615B /* ServiceLayerDependecies.swift */,
				1474CEEB254436D200C9615B /* Network */,
			);
			path = ServiceLayer;
			sourceTree = "<group>";
		};
/* End PBXGroup section */

/* Begin PBXNativeTarget section */
		1438FF6A20F9FD29003CC7C2 /* SBTSwiftProject */ = {
			isa = PBXNativeTarget;
			buildConfigurationList = 1438FF8B20F9FD2B003CC7C2 /* Build configuration list for PBXNativeTarget "SBTSwiftProject" */;
			buildPhases = (
				1438FF6720F9FD29003CC7C2 /* Sources */,
				1438FF6820F9FD29003CC7C2 /* Frameworks */,
				1438FF6920F9FD29003CC7C2 /* Resources */,
			);
			buildRules = (
			);
			dependencies = (
			);
			name = SBTSwiftProject;
			productName = SBTSwiftProject;
			productReference = 1438FF6B20F9FD29003CC7C2 /* SBTSwiftProject.app */;
			productType = "com.apple.product-type.application";
		};
		1438FF8120F9FD2B003CC7C2 /* SBTSwiftProjectTests */ = {
			isa = PBXNativeTarget;
			buildConfigurationList = 1438FF8E20F9FD2B003CC7C2 /* Build configuration list for PBXNativeTarget "SBTSwiftProjectTests" */;
			buildPhases = (
				1438FF7E20F9FD2B003CC7C2 /* Sources */,
				1438FF7F20F9FD2B003CC7C2 /* Frameworks */,
				1438FF8020F9FD2B003CC7C2 /* Resources */,
			);
			buildRules = (
			);
			dependencies = (
				1438FF8420F9FD2B003CC7C2 /* PBXTargetDependency */,
			);
			name = SBTSwiftProjectTests;
			productName = SBTSwiftProjectTests;
			productReference = 1438FF8220F9FD2B003CC7C2 /* SBTSwiftProjectTests.xctest */;
			productType = "com.apple.product-type.bundle.unit-test";
		};
/* End PBXNativeTarget section */

/* Begin PBXProject section */
		1438FF6320F9FD29003CC7C2 /* Project object */ = {
			isa = PBXProject;
			attributes = {
				LastSwiftUpdateCheck = 0940;
				LastUpgradeCheck = 0940;
				ORGANIZATIONNAME = "Константин Богданов";
				TargetAttributes = {
					1438FF6A20F9FD29003CC7C2 = {
						CreatedOnToolsVersion = 9.4.1;
					};
					1438FF8120F9FD2B003CC7C2 = {
						CreatedOnToolsVersion = 9.4.1;
						TestTargetID = 1438FF6A20F9FD29003CC7C2;
					};
				};
			};
			buildConfigurationList = 1438FF6620F9FD29003CC7C2 /* Build configuration list for PBXProject "SBTSwiftProject" */;
			compatibilityVersion = "Xcode 9.3";
			developmentRegion = en;
			hasScannedForEncodings = 0;
			knownRegions = (
				en,
				Base,
			);
			mainGroup = 1438FF6220F9FD29003CC7C2;
			productRefGroup = 1438FF6C20F9FD29003CC7C2 /* Products */;
			projectDirPath = "";
			projectRoot = "";
			targets = (
				1438FF6A20F9FD29003CC7C2 /* SBTSwiftProject */,
				1438FF8120F9FD2B003CC7C2 /* SBTSwiftProjectTests */,
			);
		};
/* End PBXProject section */

/* Begin PBXResourcesBuildPhase section */
		1438FF6920F9FD29003CC7C2 /* Resources */ = {
			isa = PBXResourcesBuildPhase;
			buildActionMask = 2147483647;
			files = (
				14AE5AE325443B7300548B1D /* Launch Screen.storyboard in Resources */,
				1438FF7920F9FD2B003CC7C2 /* Assets.xcassets in Resources */,
			);
			runOnlyForDeploymentPostprocessing = 0;
		};
		1438FF8020F9FD2B003CC7C2 /* Resources */ = {
			isa = PBXResourcesBuildPhase;
			buildActionMask = 2147483647;
			files = (
			);
			runOnlyForDeploymentPostprocessing = 0;
		};
/* End PBXResourcesBuildPhase section */

/* Begin PBXSourcesBuildPhase section */
		1438FF6720F9FD29003CC7C2 /* Sources */ = {
			isa = PBXSourcesBuildPhase;
			buildActionMask = 2147483647;
			files = (
				147D5A3F25442FF800F90BA2 /* LocationModel.swift in Sources */,
				14AE5AEA2544801D00548B1D /* LocationView.swift in Sources */,
				1438FF7120F9FD29003CC7C2 /* LocationViewController.swift in Sources */,
				1438FF7720F9FD29003CC7C2 /* SBTSwiftProject.xcdatamodeld in Sources */,
				14AE5AF325449C4B00548B1D /* CityModel.swift in Sources */,
				1474CEEA2544367E00C9615B /* ServiceLayerDependecies.swift in Sources */,
				147D5A3C25442EEA00F90BA2 /* LocationRepository.swift in Sources */,
				14CD8B7D2544241100134D82 /* NetworkService.swift in Sources */,
				14AE5AE825447E4600548B1D /* LocationInteractor.swift in Sources */,
				14AE5AE525447A2700548B1D /* LocationUseCase.swift in Sources */,
				14AE5AEC2544899800548B1D /* LocationAssembly.swift in Sources */,
				1438FF6F20F9FD29003CC7C2 /* AppDelegate.swift in Sources */,
				14CD8B802544245E00134D82 /* NetworkRequest.swift in Sources */,
				14AE5AF525449EF700548B1D /* PrepareStorageUseCase.swift in Sources */,
				14AE5AF025448AFC00548B1D /* DataLayerDependencies.swift in Sources */,
				14AE5AEE25448A1F00548B1D /* DomainLayerDependencies.swift in Sources */,
				14CD8B822544263C00134D82 /* NetworkResponse.swift in Sources */,
			);
			runOnlyForDeploymentPostprocessing = 0;
		};
		1438FF7E20F9FD2B003CC7C2 /* Sources */ = {
			isa = PBXSourcesBuildPhase;
			buildActionMask = 2147483647;
			files = (
				1438FF8720F9FD2B003CC7C2 /* SBTSwiftProjectTests.swift in Sources */,
			);
			runOnlyForDeploymentPostprocessing = 0;
		};
/* End PBXSourcesBuildPhase section */

/* Begin PBXTargetDependency section */
		1438FF8420F9FD2B003CC7C2 /* PBXTargetDependency */ = {
			isa = PBXTargetDependency;
			target = 1438FF6A20F9FD29003CC7C2 /* SBTSwiftProject */;
			targetProxy = 1438FF8320F9FD2B003CC7C2 /* PBXContainerItemProxy */;
		};
/* End PBXTargetDependency section */

/* Begin XCBuildConfiguration section */
		1438FF8920F9FD2B003CC7C2 /* Debug */ = {
			isa = XCBuildConfiguration;
			buildSettings = {
				ALWAYS_SEARCH_USER_PATHS = NO;
				CLANG_ANALYZER_NONNULL = YES;
				CLANG_ANALYZER_NUMBER_OBJECT_CONVERSION = YES_AGGRESSIVE;
				CLANG_CXX_LANGUAGE_STANDARD = "gnu++14";
				CLANG_CXX_LIBRARY = "libc++";
				CLANG_ENABLE_MODULES = YES;
				CLANG_ENABLE_OBJC_ARC = YES;
				CLANG_ENABLE_OBJC_WEAK = YES;
				CLANG_WARN_BLOCK_CAPTURE_AUTORELEASING = YES;
				CLANG_WARN_BOOL_CONVERSION = YES;
				CLANG_WARN_COMMA = YES;
				CLANG_WARN_CONSTANT_CONVERSION = YES;
				CLANG_WARN_DEPRECATED_OBJC_IMPLEMENTATIONS = YES;
				CLANG_WARN_DIRECT_OBJC_ISA_USAGE = YES_ERROR;
				CLANG_WARN_DOCUMENTATION_COMMENTS = YES;
				CLANG_WARN_EMPTY_BODY = YES;
				CLANG_WARN_ENUM_CONVERSION = YES;
				CLANG_WARN_INFINITE_RECURSION = YES;
				CLANG_WARN_INT_CONVERSION = YES;
				CLANG_WARN_NON_LITERAL_NULL_CONVERSION = YES;
				CLANG_WARN_OBJC_IMPLICIT_RETAIN_SELF = YES;
				CLANG_WARN_OBJC_LITERAL_CONVERSION = YES;
				CLANG_WARN_OBJC_ROOT_CLASS = YES_ERROR;
				CLANG_WARN_RANGE_LOOP_ANALYSIS = YES;
				CLANG_WARN_STRICT_PROTOTYPES = YES;
				CLANG_WARN_SUSPICIOUS_MOVE = YES;
				CLANG_WARN_UNGUARDED_AVAILABILITY = YES_AGGRESSIVE;
				CLANG_WARN_UNREACHABLE_CODE = YES;
				CLANG_WARN__DUPLICATE_METHOD_MATCH = YES;
				CODE_SIGN_IDENTITY = "iPhone Developer";
				COPY_PHASE_STRIP = NO;
				DEBUG_INFORMATION_FORMAT = dwarf;
				ENABLE_STRICT_OBJC_MSGSEND = YES;
				ENABLE_TESTABILITY = YES;
				GCC_C_LANGUAGE_STANDARD = gnu11;
				GCC_DYNAMIC_NO_PIC = NO;
				GCC_NO_COMMON_BLOCKS = YES;
				GCC_OPTIMIZATION_LEVEL = 0;
				GCC_PREPROCESSOR_DEFINITIONS = (
					"DEBUG=1",
					"$(inherited)",
				);
				GCC_WARN_64_TO_32_BIT_CONVERSION = YES;
				GCC_WARN_ABOUT_RETURN_TYPE = YES_ERROR;
				GCC_WARN_UNDECLARED_SELECTOR = YES;
				GCC_WARN_UNINITIALIZED_AUTOS = YES_AGGRESSIVE;
				GCC_WARN_UNUSED_FUNCTION = YES;
				GCC_WARN_UNUSED_VARIABLE = YES;
				IPHONEOS_DEPLOYMENT_TARGET = 11.4;
				MTL_ENABLE_DEBUG_INFO = YES;
				ONLY_ACTIVE_ARCH = YES;
				SDKROOT = iphoneos;
				SWIFT_ACTIVE_COMPILATION_CONDITIONS = DEBUG;
				SWIFT_OPTIMIZATION_LEVEL = "-Onone";
			};
			name = Debug;
		};
		1438FF8A20F9FD2B003CC7C2 /* Release */ = {
			isa = XCBuildConfiguration;
			buildSettings = {
				ALWAYS_SEARCH_USER_PATHS = NO;
				CLANG_ANALYZER_NONNULL = YES;
				CLANG_ANALYZER_NUMBER_OBJECT_CONVERSION = YES_AGGRESSIVE;
				CLANG_CXX_LANGUAGE_STANDARD = "gnu++14";
				CLANG_CXX_LIBRARY = "libc++";
				CLANG_ENABLE_MODULES = YES;
				CLANG_ENABLE_OBJC_ARC = YES;
				CLANG_ENABLE_OBJC_WEAK = YES;
				CLANG_WARN_BLOCK_CAPTURE_AUTORELEASING = YES;
				CLANG_WARN_BOOL_CONVERSION = YES;
				CLANG_WARN_COMMA = YES;
				CLANG_WARN_CONSTANT_CONVERSION = YES;
				CLANG_WARN_DEPRECATED_OBJC_IMPLEMENTATIONS = YES;
				CLANG_WARN_DIRECT_OBJC_ISA_USAGE = YES_ERROR;
				CLANG_WARN_DOCUMENTATION_COMMENTS = YES;
				CLANG_WARN_EMPTY_BODY = YES;
				CLANG_WARN_ENUM_CONVERSION = YES;
				CLANG_WARN_INFINITE_RECURSION = YES;
				CLANG_WARN_INT_CONVERSION = YES;
				CLANG_WARN_NON_LITERAL_NULL_CONVERSION = YES;
				CLANG_WARN_OBJC_IMPLICIT_RETAIN_SELF = YES;
				CLANG_WARN_OBJC_LITERAL_CONVERSION = YES;
				CLANG_WARN_OBJC_ROOT_CLASS = YES_ERROR;
				CLANG_WARN_RANGE_LOOP_ANALYSIS = YES;
				CLANG_WARN_STRICT_PROTOTYPES = YES;
				CLANG_WARN_SUSPICIOUS_MOVE = YES;
				CLANG_WARN_UNGUARDED_AVAILABILITY = YES_AGGRESSIVE;
				CLANG_WARN_UNREACHABLE_CODE = YES;
				CLANG_WARN__DUPLICATE_METHOD_MATCH = YES;
				CODE_SIGN_IDENTITY = "iPhone Developer";
				COPY_PHASE_STRIP = NO;
				DEBUG_INFORMATION_FORMAT = "dwarf-with-dsym";
				ENABLE_NS_ASSERTIONS = NO;
				ENABLE_STRICT_OBJC_MSGSEND = YES;
				GCC_C_LANGUAGE_STANDARD = gnu11;
				GCC_NO_COMMON_BLOCKS = YES;
				GCC_WARN_64_TO_32_BIT_CONVERSION = YES;
				GCC_WARN_ABOUT_RETURN_TYPE = YES_ERROR;
				GCC_WARN_UNDECLARED_SELECTOR = YES;
				GCC_WARN_UNINITIALIZED_AUTOS = YES_AGGRESSIVE;
				GCC_WARN_UNUSED_FUNCTION = YES;
				GCC_WARN_UNUSED_VARIABLE = YES;
				IPHONEOS_DEPLOYMENT_TARGET = 11.4;
				MTL_ENABLE_DEBUG_INFO = NO;
				SDKROOT = iphoneos;
				SWIFT_COMPILATION_MODE = wholemodule;
				SWIFT_OPTIMIZATION_LEVEL = "-O";
				VALIDATE_PRODUCT = YES;
			};
			name = Release;
		};
		1438FF8C20F9FD2B003CC7C2 /* Debug */ = {
			isa = XCBuildConfiguration;
			buildSettings = {
				ASSETCATALOG_COMPILER_APPICON_NAME = AppIcon;
				CODE_SIGN_STYLE = Automatic;
				DEVELOPMENT_TEAM = 2U7B3D7RG7;
				INFOPLIST_FILE = SBTSwiftProject/Info.plist;
				LD_RUNPATH_SEARCH_PATHS = (
					"$(inherited)",
					"@executable_path/Frameworks",
				);
				PRODUCT_BUNDLE_IDENTIFIER = SBT.SBTSwiftProject;
				PRODUCT_NAME = "$(TARGET_NAME)";
				SWIFT_VERSION = 4.0;
				TARGETED_DEVICE_FAMILY = "1,2";
			};
			name = Debug;
		};
		1438FF8D20F9FD2B003CC7C2 /* Release */ = {
			isa = XCBuildConfiguration;
			buildSettings = {
				ASSETCATALOG_COMPILER_APPICON_NAME = AppIcon;
				CODE_SIGN_STYLE = Automatic;
				DEVELOPMENT_TEAM = 2U7B3D7RG7;
				INFOPLIST_FILE = SBTSwiftProject/Info.plist;
				LD_RUNPATH_SEARCH_PATHS = (
					"$(inherited)",
					"@executable_path/Frameworks",
				);
				PRODUCT_BUNDLE_IDENTIFIER = SBT.SBTSwiftProject;
				PRODUCT_NAME = "$(TARGET_NAME)";
				SWIFT_VERSION = 4.0;
				TARGETED_DEVICE_FAMILY = "1,2";
			};
			name = Release;
		};
		1438FF8F20F9FD2B003CC7C2 /* Debug */ = {
			isa = XCBuildConfiguration;
			buildSettings = {
				ALWAYS_EMBED_SWIFT_STANDARD_LIBRARIES = YES;
				BUNDLE_LOADER = "$(TEST_HOST)";
				CODE_SIGN_STYLE = Automatic;
				DEVELOPMENT_TEAM = 2U7B3D7RG7;
				INFOPLIST_FILE = SBTSwiftProjectTests/Info.plist;
				LD_RUNPATH_SEARCH_PATHS = (
					"$(inherited)",
					"@executable_path/Frameworks",
					"@loader_path/Frameworks",
				);
				PRODUCT_BUNDLE_IDENTIFIER = SBT.SBTSwiftProjectTests;
				PRODUCT_NAME = "$(TARGET_NAME)";
				SWIFT_VERSION = 4.0;
				TARGETED_DEVICE_FAMILY = "1,2";
				TEST_HOST = "$(BUILT_PRODUCTS_DIR)/SBTSwiftProject.app/SBTSwiftProject";
			};
			name = Debug;
		};
		1438FF9020F9FD2B003CC7C2 /* Release */ = {
			isa = XCBuildConfiguration;
			buildSettings = {
				ALWAYS_EMBED_SWIFT_STANDARD_LIBRARIES = YES;
				BUNDLE_LOADER = "$(TEST_HOST)";
				CODE_SIGN_STYLE = Automatic;
				DEVELOPMENT_TEAM = 2U7B3D7RG7;
				INFOPLIST_FILE = SBTSwiftProjectTests/Info.plist;
				LD_RUNPATH_SEARCH_PATHS = (
					"$(inherited)",
					"@executable_path/Frameworks",
					"@loader_path/Frameworks",
				);
				PRODUCT_BUNDLE_IDENTIFIER = SBT.SBTSwiftProjectTests;
				PRODUCT_NAME = "$(TARGET_NAME)";
				SWIFT_VERSION = 4.0;
				TARGETED_DEVICE_FAMILY = "1,2";
				TEST_HOST = "$(BUILT_PRODUCTS_DIR)/SBTSwiftProject.app/SBTSwiftProject";
			};
			name = Release;
		};
/* End XCBuildConfiguration section */

/* Begin XCConfigurationList section */
		1438FF6620F9FD29003CC7C2 /* Build configuration list for PBXProject "SBTSwiftProject" */ = {
			isa = XCConfigurationList;
			buildConfigurations = (
				1438FF8920F9FD2B003CC7C2 /* Debug */,
				1438FF8A20F9FD2B003CC7C2 /* Release */,
			);
			defaultConfigurationIsVisible = 0;
			defaultConfigurationName = Release;
		};
		1438FF8B20F9FD2B003CC7C2 /* Build configuration list for PBXNativeTarget "SBTSwiftProject" */ = {
			isa = XCConfigurationList;
			buildConfigurations = (
				1438FF8C20F9FD2B003CC7C2 /* Debug */,
				1438FF8D20F9FD2B003CC7C2 /* Release */,
			);
			defaultConfigurationIsVisible = 0;
			defaultConfigurationName = Release;
		};
		1438FF8E20F9FD2B003CC7C2 /* Build configuration list for PBXNativeTarget "SBTSwiftProjectTests" */ = {
			isa = XCConfigurationList;
			buildConfigurations = (
				1438FF8F20F9FD2B003CC7C2 /* Debug */,
				1438FF9020F9FD2B003CC7C2 /* Release */,
			);
			defaultConfigurationIsVisible = 0;
			defaultConfigurationName = Release;
		};
/* End XCConfigurationList section */

/* Begin XCVersionGroup section */
		1438FF7520F9FD29003CC7C2 /* SBTSwiftProject.xcdatamodeld */ = {
			isa = XCVersionGroup;
			children = (
				1438FF7620F9FD29003CC7C2 /* SBTSwiftProject.xcdatamodel */,
			);
			currentVersion = 1438FF7620F9FD29003CC7C2 /* SBTSwiftProject.xcdatamodel */;
			path = SBTSwiftProject.xcdatamodeld;
			sourceTree = "<group>";
			versionGroupType = wrapper.xcdatamodel;
		};
/* End XCVersionGroup section */
	};
	rootObject = 1438FF6320F9FD29003CC7C2 /* Project object */;
}
